hash: 12c9f4fae728a86baf23effc169c66f5fbf8520880f91bd553de516ced0c0568
updated: 2016-12-22T15:15:58.577076675-05:00
imports:
- name: github.com/apache/thrift
  version: 53dd39833a08ce33582e5ff31fa18bb4735d6731
  subpackages:
  - lib/go/thrift
- name: github.com/opentracing/opentracing-go
  version: ac5446f53f2c0fc68dc16dc5f426eae1cd288b34
  subpackages:
  - ext
  - log
- name: github.com/uber-go/atomic
  version: 0c9e689d64f004564b79d9a663634756df322902
- name: github.com/uber-go/zap
  version: c4939d1166b2220bb45338e21506623b4bbdec50
- name: github.com/uber/jaeger-lib
  version: 7b113fceac673e60e5b10dff7039787bab5c5ed7
- name: github.com/uber/tchannel-go
  version: 1a0e35378f6f721bc07f6c4466bc9701ed70b506
  subpackages:
  - relay
  - thrift
  - thrift/gen-go/meta
  - tnet
  - trand
  - typed
- name: golang.org/x/net
  version: 3b993948b6f0e651ffb58ba135d8538a68b1cddf
  subpackages:
  - context
testImports:
- name: github.com/stretchr/testify
  version: 089c7181b8c728499929ff09b62d3fdd8df8adff
  subpackages:
  - assert
  - require
