hash: 0422930e1449cb67e320706a40592e7b386e86fb80cead37945e2c12133a9ae2
updated: 2017-07-16T14:46:02.785298314-04:00
imports:
- name: github.com/apache/thrift
  version: 53dd39833a08ce33582e5ff31fa18bb4735d6731
  subpackages:
  - lib/go/thrift
- name: github.com/beorn7/perks
  version: 4c0e84591b9aa9e6dcfdf3e020114cd81f89d5f9
  subpackages:
  - quantile
- name: github.com/codahale/hdrhistogram
  version: f8ad88b59a584afeee9d334eff879b104439117b
- name: github.com/crossdock/crossdock-go
  version: 049aabb0122b03bc9bd30cab8f3f91fb60166361
  subpackages:
  - assert
  - require
- name: github.com/davecgh/go-spew
  version: adab96458c51a58dc1783b3335dcce5461522e75
  subpackages:
  - spew
- name: github.com/fsnotify/fsnotify
  version: 30411dbcefb7a1da7e84f75530ad3abe4011b4f8
- name: github.com/go-kit/kit
  version: a9ca6725cbbea455e61c6bc8a1ed28e81eb3493b
  subpackages:
  - metrics
  - metrics/expvar
  - metrics/generic
  - metrics/internal/lv
  - metrics/prometheus
- name: github.com/gocql/gocql
  version: 4d2d1ac71932f7c4a6c7feb0d654462e4116c58b
  subpackages:
  - internal/lru
  - internal/murmur
  - internal/streams
- name: github.com/golang/protobuf
  version: 7cc19b78d562895b13596ddce7aafb59dd789318
  subpackages:
  - proto
- name: github.com/golang/snappy
  version: d7b1e156f50d3c4664f683603af70e3e47fa0aa2
- name: github.com/gorilla/context
  version: 1ea25387ff6f684839d82767c1733ff4d4d15d0a
- name: github.com/gorilla/handlers
  version: 3a5767ca75ece5f7f1440b1d16975247f8d8b221
- name: github.com/gorilla/mux
  version: 392c28fe23e1c45ddba891b0320b3b5df220beea
- name: github.com/hailocab/go-hostpool
  version: e80d13ce29ede4452c43dea11e79b9bc8a15b478
- name: github.com/hashicorp/hcl
  version: 80e628d796135357b3d2e33a985c666b9f35eee1
  subpackages:
  - hcl/ast
  - hcl/parser
  - hcl/scanner
  - hcl/strconv
  - hcl/token
  - json/parser
  - json/scanner
  - json/token
- name: github.com/inconshreveable/mousetrap
  version: 76626ae9c91c4f2a10f34cad8ce83ea42c93bb75
- name: github.com/kr/pretty
  version: cfb55aafdaf3ec08f0db22699ab822c50091b1c4
- name: github.com/magiconair/properties
  version: 9c47895dc1ce54302908ab8a43385d1f5df2c11c
- name: github.com/matttproud/golang_protobuf_extensions
  version: c12348ce28de40eed0136aa2b644d0ee0650e56c
  subpackages:
  - pbutil
- name: github.com/mitchellh/mapstructure
  version: bfdb1a85537d60bc7e954e600c250219ea497417
- name: github.com/olivere/elastic
  version: f1fd7305d0b6270192b27010fe1193568b18e4b6
- name: github.com/opentracing-contrib/go-stdlib
  version: 1de4cc2120e71f745a5810488bf64b29b6d7d9f6
  subpackages:
  - nethttp
- name: github.com/opentracing/opentracing-go
  version: 0c3154a3c2ce79d3271985848659870599dfb77c
  subpackages:
  - ext
  - log
- name: github.com/pelletier/go-buffruneio
  version: df1e16fde7fc330a0ca68167c23bf7ed6ac31d6d
- name: github.com/pelletier/go-toml
  version: 439fbba1f887c286024370cb4f281ba815c4c7d7
- name: github.com/pkg/errors
  version: 645ef00459ed84a119197bfb8d8205042c6df63d
- name: github.com/pmezard/go-difflib
  version: 792786c7400a136282c1664665ae0a8db921c6c2
  subpackages:
  - difflib
- name: github.com/prometheus/client_golang
  version: c5b7fccd204277076155f10851dad72b76a49317
  subpackages:
  - prometheus
  - prometheus/promhttp
- name: github.com/prometheus/client_model
  version: 6f3806018612930941127f2a7c6c453ba2c527d2
  subpackages:
  - go
- name: github.com/prometheus/common
  version: 49fee292b27bfff7f354ee0f64e1bc4850462edf
  subpackages:
  - expfmt
  - internal/bitbucket.org/ww/goautoneg
  - model
- name: github.com/prometheus/procfs
  version: a1dba9ce8baed984a2495b658c82687f8157b98f
  subpackages:
  - xfs
- name: github.com/spf13/afero
  version: 90dd71edc4d0a8b3511dc12ea15d617d03be09e0
  subpackages:
  - mem
- name: github.com/spf13/cast
  version: 56a7ecbeb18dde53c6db4bd96b541fd9741b8d44
- name: github.com/spf13/cobra
  version: 1dd5ff2e11b6dca62fdcb275eb804b94607d8b06
- name: github.com/spf13/jwalterweatherman
  version: bccdd23ae5e51bd2b081814db093646c7af3d34d
- name: github.com/spf13/pflag
  version: 25f8b5b07aece3207895bf19f7ab517eb3b22a40
- name: github.com/spf13/viper
  version: 5ed0fc31f7f453625df314d8e66b9791e8d13003
- name: github.com/stretchr/objx
  version: 1a9d0bb9f541897e62256577b352fdbc1fb4fd94
- name: github.com/stretchr/testify
  version: 05e8a0eda380579888eb53c394909df027f06991
  subpackages:
  - assert
  - mock
  - require
- name: github.com/uber-go/atomic
  version: 0c9e689d64f004564b79d9a663634756df322902
- name: github.com/uber/jaeger-client-go
  version: d021e646f5187d77b55592c3efee1a2810e895d7
  subpackages:
  - config
  - internal/spanlog
  - log
  - rpcmetrics
  - thrift-gen/agent
  - thrift-gen/jaeger
  - thrift-gen/sampling
  - thrift-gen/zipkincore
  - transport
  - transport/zipkin
  - utils
- name: github.com/uber/jaeger-lib
  version: 13219516eeab40f3b23e4d50e3f91a0d68064afc
  subpackages:
  - metrics
  - metrics/go-kit
  - metrics/go-kit/expvar
  - metrics/go-kit/prometheus
  - metrics/testutils
- name: github.com/uber/tchannel-go
  version: 1a0e35378f6f721bc07f6c4466bc9701ed70b506
  subpackages:
  - raw
  - relay
  - relay/relaytest
  - testutils
  - testutils/goroutines
  - thrift
  - thrift/gen-go/meta
  - tnet
  - trand
  - typed
- name: github.com/VividCortex/gohistogram
  version: 51564d9861991fb0ad0f531c99ef602d0f9866e6
- name: go.uber.org/atomic
  version: 4e336646b2ef9fc6e47be8e21594178f98e5ebcf
- name: go.uber.org/zap
  version: 9cabc84638b70e564c3dab2766efcb1ded2aac9f
  subpackages:
  - buffer
  - internal/bufferpool
  - internal/color
  - internal/exit
  - internal/multierror
  - zapcore
  - zaptest
- name: golang.org/x/net
  version: b3756b4b77d7b13260a0a2ec658753cf48922eac
  subpackages:
  - context
  - context/ctxhttp
- name: golang.org/x/sys
  version: d4feaf1a7e61e1d9e79e6c4e76c6349e9cab0a03
  subpackages:
  - unix
- name: golang.org/x/text
  version: 44f4f658a783b0cee41fe0a23b8fc91d9c120558
  subpackages:
  - transform
  - unicode/norm
- name: gopkg.in/inf.v0
  version: 3887ee99ecf07df5b447e9b00d9c0b2adaa9f3e4
- name: gopkg.in/olivere/elastic.v5
  version: f1fd7305d0b6270192b27010fe1193568b18e4b6
  subpackages:
  - uritemplates
- name: gopkg.in/yaml.v2
  version: 3b4ad1db5b2a649883ff3782f5f9f6fb52be71af
testImports:
- name: github.com/kr/text
  version: 7cafcd837844e784b526369c9bce262804aebc60
