# This file is autogenerated, do not edit; changes may be undone by the next 'dep ensure'.


[[projects]]
  digest = "1:d8ebbd207f3d3266d4423ce4860c9f3794956306ded6c7ba312ecc69cdfbf04c"
  name = "github.com/PuerkitoBio/purell"
  packages = ["."]
  pruneopts = "NUT"
  revision = "0bcb03f4b4d0a9428594752bd2a3b9aa0a9d4bd4"
  version = "v1.1.0"

[[projects]]
  branch = "master"
  digest = "1:8098cd40cd09879efbf12e33bcd51ead4a66006ac802cd563a66c4f3373b9727"
  name = "github.com/PuerkitoBio/urlesc"
  packages = ["."]
  pruneopts = "NUT"
  revision = "de5bf2ad457846296e2031421a34e2568e304e35"

[[projects]]
  digest = "1:90a8a2a653a9b8d07a1e095a6dda29d6d8917014b44726f2aab487937e04a73b"
  name = "github.com/Shopify/sarama"
  packages = [
    ".",
    "mocks",
  ]
  pruneopts = "NUT"
  revision = "f7be6aa2bc7b2e38edf816b08b582782194a1c02"
  version = "v1.16.0"

[[projects]]
  digest = "1:bad93311d7294e3916fd50a744e5185afcbe64716dde7734353ed0ccf96b6f14"
  name = "github.com/VividCortex/gohistogram"
  packages = ["."]
  pruneopts = "NUT"
  revision = "51564d9861991fb0ad0f531c99ef602d0f9866e6"
  version = "v1.0.0"

[[projects]]
  digest = "1:f563c51359f64bc448d47183c7a3959f4e76c3bfc7dd040e2dfa84ec124c38fe"
  name = "github.com/apache/thrift"
  packages = ["lib/go/thrift"]
  pruneopts = "NUT"
  revision = "53dd39833a08ce33582e5ff31fa18bb4735d6731"
  version = "0.9.3"

[[projects]]
  digest = "1:5a23cd3a5496a0b2da7e3b348d14e77b11a210738c398200d7d6f04ea8cf3bd8"
  name = "github.com/asaskevich/govalidator"
  packages = ["."]
  pruneopts = "NUT"
  revision = "ccb8e960c48f04d6935e72476ae4a51028f9e22f"
  version = "v9"

[[projects]]
  branch = "master"
  digest = "1:707ebe952a8b3d00b343c01536c79c73771d100f63ec6babeaed5c79e2b8a8dd"
  name = "github.com/beorn7/perks"
  packages = ["quantile"]
  pruneopts = "NUT"
  revision = "3a771d992973f24aa725d07868b467d1ddfceafb"

[[projects]]
  digest = "1:4fb088ed7f384178cfc4552661e280a12ccc93be7f30a1ca994958a61a8e1d13"
  name = "github.com/bsm/sarama-cluster"
  packages = ["."]
  pruneopts = "NUT"
  revision = "cf455bc755fe41ac9bb2861e7a961833d9c2ecc3"
  version = "v2.1.13"

[[projects]]
  branch = "master"
  digest = "1:8ecb89af7dfe3ac401bdb0c9390b134ef96a97e85f732d2b0604fb7b3977839f"
  name = "github.com/codahale/hdrhistogram"
  packages = ["."]
  pruneopts = "NUT"
  revision = "3a0bb77429bd3a61596f5e8a3172445844342120"

[[projects]]
  branch = "master"
  digest = "1:b0adc37330921aa4e756b811d1c99cd6ee2a45a8753bf835cfd7527647500571"
  name = "github.com/crossdock/crossdock-go"
  packages = [
    ".",
    "assert",
    "require",
  ]
  pruneopts = "NUT"
  revision = "049aabb0122b03bc9bd30cab8f3f91fb60166361"

[[projects]]
  digest = "1:ffe9824d294da03b391f44e1ae8281281b4afc1bdaa9588c9097785e3af10cec"
  name = "github.com/davecgh/go-spew"
  packages = ["spew"]
  pruneopts = "NUT"
  revision = "8991bc29aa16c548c550c7ff78260e27b9ab7c73"
  version = "v1.1.1"

[[projects]]
  digest = "1:08143362be979b087c2c1bae5dde986e988d3d5d4dc661727cbe436411b3f33a"
  name = "github.com/eapache/go-resiliency"
  packages = ["breaker"]
  pruneopts = "NUT"
  revision = "ea41b0fad31007accc7f806884dcdf3da98b79ce"
  version = "v1.1.0"

[[projects]]
  branch = "master"
  digest = "1:d3430c048e919ed27813d20dc65a32d4e3bae3ad05b83700e244a81eaaf48e2a"
  name = "github.com/eapache/go-xerial-snappy"
  packages = ["."]
  pruneopts = "NUT"
  revision = "776d5712da21bc4762676d614db1d8a64f4238b0"

[[projects]]
  digest = "1:0d36a2b325b9e75f8057f7f9fbe778d348d70ba652cb9335485b69d1a5c4e038"
  name = "github.com/eapache/queue"
  packages = ["."]
  pruneopts = "NUT"
  revision = "44cc805cf13205b55f69e14bcb69867d1ae92f98"
  version = "v1.1.0"

[[projects]]
  digest = "1:1b91ae0dc69a41d4c2ed23ea5cffb721ea63f5037ca4b81e6d6771fbb8f45129"
  name = "github.com/fsnotify/fsnotify"
  packages = ["."]
  pruneopts = "NUT"
  revision = "c2828203cd70a50dcccfb2761f8b1f8ceef9a8e9"
  version = "v1.4.7"

[[projects]]
  branch = "master"
  digest = "1:ce0cdcf4a121add67d3c6f7cc08e6233275d0f417852f025b790d35da88fab10"
  name = "github.com/globalsign/mgo"
  packages = [
    "bson",
    "internal/json",
  ]
  pruneopts = "NUT"
  revision = "eeefdecb41b842af6dc652aaea4026e8403e62df"

[[projects]]
  digest = "1:ad610d570a66a738adba29e579d801a8b9825b55bfb10a67b3c80da2e28e48cf"
  name = "github.com/go-kit/kit"
  packages = [
    "metrics",
    "metrics/expvar",
    "metrics/generic",
    "metrics/internal/lv",
  ]
  pruneopts = "NUT"
  revision = "a9ca6725cbbea455e61c6bc8a1ed28e81eb3493b"
  version = "v0.5.0"

[[projects]]
  digest = "1:da40b9e5973892e2bd37a72c36464b8252a4034522925d920983edaabda03693"
  name = "github.com/go-openapi/analysis"
  packages = [
    ".",
    "internal",
  ]
  pruneopts = "NUT"
  revision = "c701774f4e604d952e4e8c56dee260be696e33c3"
  version = "v0.17.2"

[[projects]]
  digest = "1:02356188d2100454319fc9f17e956bf6db7abd0fd66fef602ffa17d7ceb2808b"
  name = "github.com/go-openapi/errors"
  packages = ["."]
  pruneopts = "NUT"
  revision = "d9664f9fab8994271e573ed69cf2adfc09b7a800"
  version = "v0.17.2"

[[projects]]
  digest = "1:260f7ebefc63024c8dfe2c9f1a2935a89fa4213637a1f522f592f80c001cc441"
  name = "github.com/go-openapi/jsonpointer"
  packages = ["."]
  pruneopts = "NUT"
  revision = "ef5f0afec364d3b9396b7b77b43dbe26bf1f8004"
  version = "v0.17.2"

[[projects]]
  digest = "1:98abd61947ff5c7c6fcfec5473d02a4821ed3a2dd99a4fbfdb7925b0dd745546"
  name = "github.com/go-openapi/jsonreference"
  packages = ["."]
  pruneopts = "NUT"
  revision = "8483a886a90412cd6858df4ea3483dce9c8e35a3"
  version = "v0.17.2"

[[projects]]
  digest = "1:cc4186672d13bce6e14f7b39c6f51b2f8c5126532a020ced03841e7175886651"
  name = "github.com/go-openapi/loads"
  packages = ["."]
  pruneopts = "NUT"
  revision = "2a2b323bab96e6b1fdee110e57d959322446e9c9"
  version = "0.16.0"

[[projects]]
  digest = "1:a630cba9cb07e32082bf314f5c13e5906cf557c04db3351aed7314255131616d"
  name = "github.com/go-openapi/runtime"
  packages = [
    ".",
    "logger",
    "middleware",
    "middleware/denco",
    "middleware/header",
    "middleware/untyped",
    "security",
  ]
  pruneopts = "NUT"
  revision = "231d7876b7019dbcbfc97a7ba764379497b67c1d"
  version = "v0.17.2"

[[projects]]
  digest = "1:dfab391de021809e0041f0ab5648da6b74dd16a685472a1b8c3dc06b3dca1ee2"
  name = "github.com/go-openapi/spec"
  packages = ["."]
  pruneopts = "NUT"
  revision = "5bae59e25b21498baea7f9d46e9c147ec106a42e"
  version = "v0.17.2"

[[projects]]
  digest = "1:76667bb6bc2df5b95be9efb9ee0b72b3550c639f530232a0b8fcf3347035d987"
  name = "github.com/go-openapi/strfmt"
  packages = ["."]
  pruneopts = "NUT"
  revision = "edab9990ffc9b4a428f3306ecf4d18a069ca3317"
  version = "v0.17.2"

[[projects]]
  digest = "1:983f95b2fae6fe8fdd361738325ed6090f4f3bd15ce4db745e899fb5b0fdfc46"
  name = "github.com/go-openapi/swag"
  packages = ["."]
  pruneopts = "NUT"
  revision = "5899d5c5e619fda5fa86e14795a835f473ca284c"
  version = "v0.17.2"

[[projects]]
  digest = "1:7d7626b94bc5e04d1c23eaa97816181f4ff6218540a6d43379070d6ece9ca467"
  name = "github.com/go-openapi/validate"
  packages = ["."]
  pruneopts = "NUT"
  revision = "d2eab7d93009e9215fc85b2faa2c2f2a98c2af48"
  version = "v0.17.2"

[[projects]]
  branch = "master"
  digest = "1:c7981274f5866a0c444474d1eec4a2862fae27ad606fc3636c72542bd47ced6f"
  name = "github.com/gocql/gocql"
  packages = [
    ".",
    "internal/lru",
    "internal/murmur",
    "internal/streams",
  ]
  pruneopts = "NUT"
  revision = "70385f88b28b43805bd83d212169ab2d38810b15"

[[projects]]
  digest = "1:b066682d13a181fe2d34f55e0d05cb53211884725d55bc19468edcc61b8e9290"
  name = "github.com/gogo/googleapis"
  packages = ["google/api"]
  pruneopts = "T"
  revision = "b23578765ee54ff6bceff57f397d833bf4ca6869"

[[projects]]
  digest = "1:b0e2715f707ddc6ed02ed719c864fe812a9cd585397ad4fed0434b4317c5c669"
  name = "github.com/gogo/protobuf"
  packages = [
    "gogoproto",
    "jsonpb",
    "plugin/compare",
    "plugin/defaultcheck",
    "plugin/description",
    "plugin/embedcheck",
    "plugin/enumstringer",
    "plugin/equal",
    "plugin/face",
    "plugin/gostring",
    "plugin/marshalto",
    "plugin/oneofcheck",
    "plugin/populate",
    "plugin/size",
    "plugin/stringer",
    "plugin/testgen",
    "plugin/union",
    "plugin/unmarshal",
    "proto",
    "protoc-gen-gogo",
    "protoc-gen-gogo/descriptor",
    "protoc-gen-gogo/generator",
    "protoc-gen-gogo/grpc",
    "protoc-gen-gogo/plugin",
    "sortkeys",
    "types",
    "vanity",
    "vanity/command",
  ]
  pruneopts = "T"
  revision = "fd9a4790f3963525fb889cc00e0a8f828e0b3a29"

[[projects]]
  branch = "master"
  digest = "1:e2b86e41f3d669fc36b50d31d32d22c8ac656c75aa5ea89717ce7177e134ff2a"
  name = "github.com/golang/glog"
  packages = ["."]
  pruneopts = "NUT"
  revision = "23def4e6c14b4da8ac2ed8007337bc5eb5007998"

[[projects]]
  digest = "1:758ff25951b6495bb58777f11244ca25c1a639be08d04e54b123ac9e170f6176"
  name = "github.com/golang/protobuf"
  packages = [
    "jsonpb",
    "proto",
    "protoc-gen-go",
    "protoc-gen-go/descriptor",
    "protoc-gen-go/generator",
    "protoc-gen-go/generator/internal/remap",
    "protoc-gen-go/grpc",
    "protoc-gen-go/plugin",
    "ptypes",
    "ptypes/any",
    "ptypes/duration",
    "ptypes/struct",
    "ptypes/timestamp",
  ]
  pruneopts = "NUT"
  revision = "aa810b61a9c79d51363740d207bb46cf8e620ed5"
  version = "v1.2.0"

[[projects]]
  branch = "master"
  digest = "1:7f114b78210bf5b75f307fc97cff293633c835bab1e0ea8a744a44b39c042dfe"
  name = "github.com/golang/snappy"
  packages = ["."]
  pruneopts = "NUT"
  revision = "2e65f85255dbc3072edf28d6b5b8efc472979f5a"

[[projects]]
  digest = "1:c01767916c59f084bb7c41a7d5877c0f3099b1595cfa066e84ec6ad6b084dd89"
  name = "github.com/gorilla/context"
  packages = ["."]
  pruneopts = "NUT"
  revision = "08b5f424b9271eedf6f9f0ce86cb9396ed337a42"
  version = "v1.1.1"

[[projects]]
  digest = "1:ce99f0fa341de71caf89941d6c58e6b6473f841f590d5e3679eadf8c88e9ee56"
  name = "github.com/gorilla/handlers"
  packages = ["."]
  pruneopts = "NUT"
  revision = "3a5767ca75ece5f7f1440b1d16975247f8d8b221"
  version = "v1.2"

[[projects]]
  digest = "1:4f53b8f09786fc66f1c57754d6509cea6dd546167be9c881a9185af8895d71ae"
  name = "github.com/gorilla/mux"
  packages = ["."]
  pruneopts = "NUT"
  revision = "392c28fe23e1c45ddba891b0320b3b5df220beea"
  version = "v1.3.0"

[[projects]]
  digest = "1:33a7c8eee4b47c42853c1661cc9d42e2dba88c5fbd6b025e0cb3507a3776289f"
  name = "github.com/grpc-ecosystem/grpc-gateway"
  packages = [
    "protoc-gen-grpc-gateway",
    "protoc-gen-grpc-gateway/descriptor",
    "protoc-gen-grpc-gateway/generator",
    "protoc-gen-grpc-gateway/gengateway",
    "protoc-gen-grpc-gateway/httprule",
    "protoc-gen-swagger",
    "protoc-gen-swagger/genswagger",
    "protoc-gen-swagger/options",
    "runtime",
    "runtime/internal",
    "utilities",
  ]
  pruneopts = "T"
  revision = "58f78b988bc393694cef62b92c5cde77e4742ff5"

[[projects]]
  branch = "master"
  digest = "1:414b0b85f897039eb35308a0f7f1beaf16c073cfdc6fccd325ddd8a7f7dca7a3"
  name = "github.com/hailocab/go-hostpool"
  packages = ["."]
  pruneopts = "NUT"
  revision = "e80d13ce29ede4452c43dea11e79b9bc8a15b478"

[[projects]]
  digest = "1:11c6c696067d3127ecf332b10f89394d386d9083f82baf71f40f2da31841a009"
  name = "github.com/hashicorp/hcl"
  packages = [
    ".",
    "hcl/ast",
    "hcl/parser",
    "hcl/printer",
    "hcl/scanner",
    "hcl/strconv",
    "hcl/token",
    "json/parser",
    "json/scanner",
    "json/token",
  ]
  pruneopts = "NUT"
  revision = "8cb6e5b959231cc1119e43259c4a608f9c51a241"
  version = "v1.0.0"

[[projects]]
  digest = "1:406338ad39ab2e37b7f4452906442a3dbf0eb3379dd1f06aafb5c07e769a5fbb"
  name = "github.com/inconshreveable/mousetrap"
  packages = ["."]
  pruneopts = "NUT"
  revision = "76626ae9c91c4f2a10f34cad8ce83ea42c93bb75"
  version = "v1.0"

[[projects]]
  digest = "1:7b21c7fc5551b46d1308b4ffa9e9e49b66c7a8b0ba88c0130474b0e7a20d859f"
  name = "github.com/kr/pretty"
  packages = ["."]
  pruneopts = "NUT"
  revision = "73f6ac0b30a98e433b289500d779f50c1a6f0712"
  version = "v0.1.0"

[[projects]]
  digest = "1:c3a7836b5904db0f8b609595b619916a6831cb35b8b714aec39f96d00c6155d8"
  name = "github.com/kr/text"
  packages = ["."]
  pruneopts = "NUT"
  revision = "e2ffdb16a802fe2bb95e2e35ff34f0e53aeef34f"
  version = "v0.1.0"

[[projects]]
  digest = "1:d244f8666a838fe6ad70ec8fe77f50ebc29fdc3331a2729ba5886bef8435d10d"
  name = "github.com/magiconair/properties"
  packages = ["."]
  pruneopts = "NUT"
  revision = "c2353362d570a7bfa228149c62842019201cfb71"
  version = "v1.8.0"

[[projects]]
  branch = "master"
  digest = "1:84a5a2b67486d5d67060ac393aa255d05d24ed5ee41daecd5635ec22657b6492"
  name = "github.com/mailru/easyjson"
  packages = [
    "buffer",
    "jlexer",
    "jwriter",
  ]
  pruneopts = "NUT"
  revision = "60711f1a8329503b04e1c88535f419d0bb440bff"

[[projects]]
  digest = "1:5985ef4caf91ece5d54817c11ea25f182697534f8ae6521eadcd628c142ac4b6"
  name = "github.com/matttproud/golang_protobuf_extensions"
  packages = ["pbutil"]
  pruneopts = "NUT"
  revision = "c12348ce28de40eed0136aa2b644d0ee0650e56c"
  version = "v1.0.1"

[[projects]]
  digest = "1:a45ae66dea4c899d79fceb116accfa1892105c251f0dcd9a217ddc276b42ec68"
  name = "github.com/mitchellh/mapstructure"
  packages = ["."]
  pruneopts = "NUT"
  revision = "3536a929edddb9a5b34bd6861dc4a9647cb459fe"
  version = "v1.1.2"

[[projects]]
  branch = "master"
  digest = "1:51fb21c0dd1b64d5ae74c34f544e312ee73edd2a258db6347369014b5949f44a"
  name = "github.com/opentracing-contrib/go-stdlib"
  packages = ["nethttp"]
  pruneopts = "NUT"
  revision = "c9628a4f0148d7e441a4af66dc0b1653cd941c20"

[[projects]]
  digest = "1:7da29c22bcc5c2ffb308324377dc00b5084650348c2799e573ed226d8cc9faf0"
  name = "github.com/opentracing/opentracing-go"
  packages = [
    ".",
    "ext",
    "log",
  ]
  pruneopts = "NUT"
  revision = "1949ddbfd147afd4d964a9f00b24eb291e0e7c38"
  version = "v1.0.2"

[[projects]]
  digest = "1:51ea800cff51752ff68e12e04106f5887b4daec6f9356721238c28019f0b42db"
  name = "github.com/pelletier/go-toml"
  packages = ["."]
  pruneopts = "NUT"
  revision = "c01d1270ff3e442a8a57cddc1c92dc1138598194"
  version = "v1.2.0"

[[projects]]
  digest = "1:1d920dce8e11bfff65b5709e883a8ece131b63a5bc4b2cd404f9ef7eb445f73f"
  name = "github.com/pierrec/lz4"
  packages = [
    ".",
    "internal/xxh32",
  ]
  pruneopts = "NUT"
  revision = "635575b42742856941dbc767b44905bb9ba083f6"
  version = "v2.0.7"

[[projects]]
  digest = "1:5cf3f025cbee5951a4ee961de067c8a89fc95a5adabead774f82822efabab121"
  name = "github.com/pkg/errors"
  packages = ["."]
  pruneopts = "NUT"
  revision = "645ef00459ed84a119197bfb8d8205042c6df63d"
  version = "v0.8.0"

[[projects]]
  digest = "1:0028cb19b2e4c3112225cd871870f2d9cf49b9b4276531f03438a88e94be86fe"
  name = "github.com/pmezard/go-difflib"
  packages = ["difflib"]
  pruneopts = "NUT"
  revision = "792786c7400a136282c1664665ae0a8db921c6c2"
  version = "v1.0.0"

[[projects]]
  digest = "1:03bca087b180bf24c4f9060775f137775550a0834e18f0bca0520a868679dbd7"
  name = "github.com/prometheus/client_golang"
  packages = [
    "prometheus",
    "prometheus/promhttp",
  ]
  pruneopts = "NUT"
  revision = "c5b7fccd204277076155f10851dad72b76a49317"
  version = "v0.8.0"

[[projects]]
  branch = "master"
  digest = "1:2d5cd61daa5565187e1d96bae64dbbc6080dacf741448e9629c64fd93203b0d4"
  name = "github.com/prometheus/client_model"
  packages = ["go"]
  pruneopts = "NUT"
  revision = "5c3871d89910bfb32f5fcab2aa4b9ec68e65a99f"

[[projects]]
  branch = "master"
  digest = "1:06375f3b602de9c99fa99b8484f0e949fd5273e6e9c6592b5a0dd4cd9085f3ea"
  name = "github.com/prometheus/common"
  packages = [
    "expfmt",
    "internal/bitbucket.org/ww/goautoneg",
    "model",
  ]
  pruneopts = "NUT"
  revision = "4724e9255275ce38f7179b2478abeae4e28c904f"

[[projects]]
  branch = "master"
  digest = "1:102dea0c03a915acfc634b7c67f2662012b5483b56d9025e33f5188e112759b6"
  name = "github.com/prometheus/procfs"
  packages = [
    ".",
    "internal/util",
    "nfs",
    "xfs",
  ]
  pruneopts = "NUT"
  revision = "1dc9a6cbc91aacc3e8b2d63db4d2e957a5394ac4"

[[projects]]
  digest = "1:ea0700160aca4ef099f4e06686a665a87691f4248dddd40796925eda2e46bd64"
  name = "github.com/rakyll/statik"
  packages = ["fs"]
  pruneopts = "NUT"
  revision = "1355192d24db2566a83c3914e187e2a7e7679832"
  version = "v0.1.5"

[[projects]]
  branch = "master"
  digest = "1:120b256a4d3cd2946ffa4b87102731c2f004aed6d836dc2fba400ed9398696e7"
  name = "github.com/rcrowley/go-metrics"
  packages = ["."]
  pruneopts = "NUT"
  revision = "3113b8401b8a98917cde58f8bbd42a1b1c03b1fd"

[[projects]]
  digest = "1:330e9062b308ac597e28485699c02223bd052437a6eed32a173c9227dcb9d95a"
  name = "github.com/spf13/afero"
  packages = [
    ".",
    "mem",
  ]
  pruneopts = "NUT"
  revision = "d40851caa0d747393da1ffb28f7f9d8b4eeffebd"
  version = "v1.1.2"

[[projects]]
  digest = "1:c5e6b121ef3d2043505edaf4c80e5a008cec2513dc8804795eb0479d1555bcf7"
  name = "github.com/spf13/cast"
  packages = ["."]
  pruneopts = "NUT"
  revision = "8c9545af88b134710ab1cd196795e7f2388358d7"
  version = "v1.3.0"

[[projects]]
  digest = "1:343d44e06621142ab09ae0c76c1799104cdfddd3ffb445d78b1adf8dc3ffaf3d"
  name = "github.com/spf13/cobra"
  packages = ["."]
  pruneopts = "NUT"
  revision = "ef82de70bb3f60c65fb8eebacbb2d122ef517385"
  version = "v0.0.3"

[[projects]]
  digest = "1:f29f83301ed096daed24a90f4af591b7560cb14b9cc3e1827abbf04db7269ab5"
  name = "github.com/spf13/jwalterweatherman"
  packages = ["."]
  pruneopts = "NUT"
  revision = "4a4406e478ca629068e7768fc33f3f044173c0a6"
  version = "v1.0.0"

[[projects]]
  digest = "1:9d8420bbf131d1618bde6530af37c3799340d3762cc47210c1d9532a4c3a2779"
  name = "github.com/spf13/pflag"
  packages = ["."]
  pruneopts = "NUT"
  revision = "298182f68c66c05229eb03ac171abe6e309ee79a"
  version = "v1.0.3"

[[projects]]
  digest = "1:d12d5b3af1a59b158e074068eccc0ded9b9c399091ebe0b70507b46a72a7fc77"
  name = "github.com/spf13/viper"
  packages = ["."]
  pruneopts = "NUT"
  revision = "41cd1c3aa32b2685fae6c296e6f044bc68922c0e"
  version = "v1.3.0"

[[projects]]
  digest = "1:60a46e2410edbf02b419f833372dd1d24d7aa1b916a990a7370e792fada1eadd"
  name = "github.com/stretchr/objx"
  packages = ["."]
  pruneopts = "NUT"
  revision = "477a77ecc69700c7cdeb1fa9e129548e1c1c393c"
  version = "v0.1.1"

[[projects]]
  digest = "1:8376c0ff082913a631477205de033ca20aeb502319a8a19b759a1867570184ac"
  name = "github.com/stretchr/testify"
  packages = [
    "assert",
    "http",
    "mock",
    "require",
  ]
  pruneopts = "NUT"
  revision = "12b6f73e6084dad08a7c6e575284b177ecafbc71"
  version = "v1.2.1"

[[projects]]
  digest = "1:22f696cee54865fb8e9ff91df7b633f6b8f22037a8015253c6b6a71ca82219c7"
  name = "github.com/uber-go/atomic"
  packages = ["."]
  pruneopts = "NUT"
  revision = "1ea20fb1cbb1cc08cbd0d913a96dead89aa18289"
  version = "v1.3.2"

[[projects]]
  digest = "1:3eb7e4307e197a995396634cc87870c2189aefec4e338a6c7ee74837f9d7fefe"
  name = "github.com/uber/jaeger-client-go"
  packages = [
    ".",
    "config",
    "internal/baggage",
    "internal/baggage/remote",
    "internal/spanlog",
    "internal/throttler",
    "internal/throttler/remote",
    "log",
    "log/zap",
    "rpcmetrics",
    "thrift",
    "thrift-gen/agent",
    "thrift-gen/baggage",
    "thrift-gen/jaeger",
    "thrift-gen/sampling",
    "thrift-gen/zipkincore",
    "transport",
    "transport/zipkin",
    "utils",
  ]
  pruneopts = "NUT"
  revision = "1a782e2da844727691fef1757c72eb190c2909f0"
  version = "v2.15.0"

[[projects]]
  digest = "1:872d648d95d0d62c2a67d4f5f09c31752588705c4482bc8b4f52015e0495a6d5"
  name = "github.com/uber/jaeger-lib"
  packages = [
    "metrics",
    "metrics/adapters",
    "metrics/expvar",
    "metrics/go-kit",
    "metrics/go-kit/expvar",
    "metrics/prometheus",
    "metrics/testutils",
  ]
  pruneopts = "NUT"
  revision = "ed3a127ec5fef7ae9ea95b01b542c47fbd999ce5"
  version = "v1.5.0"

[[projects]]
  digest = "1:f7dcdb21001852b64f48eea1eda86e699eee381dbb168d61dfe6a2dd69465aab"
  name = "github.com/uber/tchannel-go"
  packages = [
    ".",
    "raw",
    "relay",
    "relay/relaytest",
    "testutils",
    "testutils/goroutines",
    "thrift",
    "thrift/gen-go/meta",
    "tnet",
    "trand",
    "typed",
  ]
  pruneopts = "NUT"
  revision = "1a0e35378f6f721bc07f6c4466bc9701ed70b506"
  version = "v1.1.0"

[[projects]]
  digest = "1:22f696cee54865fb8e9ff91df7b633f6b8f22037a8015253c6b6a71ca82219c7"
  name = "go.uber.org/atomic"
  packages = ["."]
  pruneopts = "NUT"
  revision = "1ea20fb1cbb1cc08cbd0d913a96dead89aa18289"
  version = "v1.3.2"

[[projects]]
  digest = "1:58ca93bdf81bac106ded02226b5395a0595d5346cdc4caa8d9c1f3a5f8f9976e"
  name = "go.uber.org/multierr"
  packages = ["."]
  pruneopts = "NUT"
  revision = "3c4937480c32f4c13a875a1829af76c98ca3d40a"
  version = "v1.1.0"

[[projects]]
  digest = "1:a739f2c8e7f5ea57038c4d0a60d209d828b0ef756a9e49c7e6849fe73ec97014"
  name = "go.uber.org/zap"
  packages = [
    ".",
    "buffer",
    "internal/bufferpool",
    "internal/color",
    "internal/exit",
    "internal/ztest",
    "zapcore",
    "zaptest",
    "zaptest/observer",
  ]
  pruneopts = "NUT"
  revision = "ff33455a0e382e8a81d14dd7c922020b6b5e7982"
  version = "v1.9.1"

[[projects]]
  branch = "master"
  digest = "1:fe6c7d45580996cb78fa1e5eb1eadc9422c20ff0ca93a3862bd151f91ec6f240"
  name = "golang.org/x/net"
  packages = [
    "context",
    "context/ctxhttp",
    "http/httpguts",
    "http2",
    "http2/hpack",
    "idna",
    "internal/timeseries",
    "trace",
  ]
  pruneopts = "NUT"
  revision = "351d144fa1fc0bd934e2408202be0c29f25e35a0"

[[projects]]
  branch = "master"
  digest = "1:ed2e112f90e562e29a28c19801e8306c83efc3dbd6be76d55bd767d152cb72b5"
  name = "golang.org/x/sys"
  packages = ["unix"]
  pruneopts = "NUT"
  revision = "70b957f3b65e069b4930ea94e2721eefa0f8f695"

[[projects]]
  digest = "1:e33513a825fcd765e97b5de639a2f7547542d1a8245df0cef18e1fd390b778a9"
  name = "golang.org/x/text"
  packages = [
    "collate",
    "collate/build",
    "internal/colltab",
    "internal/gen",
    "internal/tag",
    "internal/triegen",
    "internal/ucd",
    "language",
    "secure/bidirule",
    "transform",
    "unicode/bidi",
    "unicode/cldr",
    "unicode/norm",
    "unicode/rangetable",
    "width",
  ]
  pruneopts = "NUT"
  revision = "f21a4dfb5e38f5895301dc265a8def02365cc3d0"
  version = "v0.3.0"

[[projects]]
  branch = "master"
  digest = "1:6c6b70cf6d2788d9f7dc6589bc88e0e1c7edc40612294431ebb7d09536d12240"
  name = "google.golang.org/genproto"
  packages = [
    "googleapis/api/annotations",
    "googleapis/rpc/status",
  ]
  pruneopts = "NUT"
  revision = "bd91e49a0898e27abb88c339b432fa53d7497ac0"

[[projects]]
  digest = "1:9acf934ce1dfc3e13c35e9206423ae632c4bba0cb0480fde9966b0972ab4c3a8"
  name = "google.golang.org/grpc"
  packages = [
    ".",
    "balancer",
    "balancer/base",
    "balancer/roundrobin",
    "codes",
    "connectivity",
    "credentials",
    "encoding",
    "encoding/proto",
    "grpclb/grpc_lb_v1/messages",
    "grpclog",
    "internal",
    "keepalive",
    "metadata",
    "naming",
    "peer",
    "resolver",
    "resolver/dns",
    "resolver/manual",
    "resolver/passthrough",
    "stats",
    "status",
    "tap",
    "test/bufconn",
    "transport",
  ]
  pruneopts = "NUT"
  revision = "afc05b9e1d36f289ea16ba294894486a3e458246"
  version = "v1.11.0"

[[projects]]
  digest = "1:2d1fbdc6777e5408cabeb02bf336305e724b925ff4546ded0fa8715a7267922a"
  name = "gopkg.in/inf.v0"
  packages = ["."]
  pruneopts = "NUT"
  revision = "d2d2541c53f18d2a059457998ce2876cc8e67cbf"
  version = "v0.9.1"

[[projects]]
  digest = "1:be950f632c30e58eeaf02bafeae71770e1bd7f12270f048b247771a172a8586e"
  name = "gopkg.in/olivere/elastic.v5"
  packages = [
    ".",
    "config",
    "uritemplates",
  ]
  pruneopts = "NUT"
  revision = "171ce647da4acfb30ffc99981d66d80bdea6bcee"
  version = "v5.0.53"

[[projects]]
  digest = "1:13e704c08924325be00f96e47e7efe0bfddf0913cdfc237423c83f9b183ff590"
  name = "gopkg.in/yaml.v2"
  packages = ["."]
  pruneopts = "NUT"
  revision = "d670f9405373e636a5a2765eea47fac0c9bc91a4"
  version = "v2.0.0"

[solve-meta]
  analyzer-name = "dep"
  analyzer-version = 1
  input-imports = [
    "github.com/Shopify/sarama",
    "github.com/Shopify/sarama/mocks",
    "github.com/apache/thrift/lib/go/thrift",
    "github.com/bsm/sarama-cluster",
    "github.com/crossdock/crossdock-go",
    "github.com/go-openapi/errors",
    "github.com/go-openapi/loads",
    "github.com/go-openapi/runtime",
    "github.com/go-openapi/runtime/middleware",
    "github.com/go-openapi/runtime/security",
    "github.com/go-openapi/spec",
    "github.com/go-openapi/strfmt",
    "github.com/go-openapi/swag",
    "github.com/go-openapi/validate",
    "github.com/gocql/gocql",
    "github.com/gogo/googleapis/google/api",
    "github.com/gogo/protobuf/gogoproto",
    "github.com/gogo/protobuf/jsonpb",
    "github.com/gogo/protobuf/proto",
    "github.com/gogo/protobuf/protoc-gen-gogo",
    "github.com/gogo/protobuf/types",
    "github.com/golang/protobuf/proto",
    "github.com/golang/protobuf/protoc-gen-go",
    "github.com/gorilla/handlers",
    "github.com/gorilla/mux",
    "github.com/grpc-ecosystem/grpc-gateway/protoc-gen-grpc-gateway",
    "github.com/grpc-ecosystem/grpc-gateway/protoc-gen-swagger",
    "github.com/grpc-ecosystem/grpc-gateway/protoc-gen-swagger/options",
    "github.com/grpc-ecosystem/grpc-gateway/runtime",
    "github.com/grpc-ecosystem/grpc-gateway/utilities",
    "github.com/kr/pretty",
    "github.com/opentracing-contrib/go-stdlib/nethttp",
    "github.com/opentracing/opentracing-go",
    "github.com/opentracing/opentracing-go/ext",
    "github.com/opentracing/opentracing-go/log",
    "github.com/pkg/errors",
    "github.com/prometheus/client_golang/prometheus",
    "github.com/prometheus/client_golang/prometheus/promhttp",
    "github.com/rakyll/statik/fs",
    "github.com/spf13/cobra",
    "github.com/spf13/pflag",
    "github.com/spf13/viper",
    "github.com/stretchr/testify/assert",
    "github.com/stretchr/testify/http",
    "github.com/stretchr/testify/mock",
    "github.com/stretchr/testify/require",
    "github.com/uber/jaeger-client-go",
    "github.com/uber/jaeger-client-go/config",
    "github.com/uber/jaeger-client-go/log/zap",
    "github.com/uber/jaeger-client-go/rpcmetrics",
    "github.com/uber/jaeger-client-go/transport",
    "github.com/uber/jaeger-client-go/transport/zipkin",
    "github.com/uber/jaeger-lib/metrics",
    "github.com/uber/jaeger-lib/metrics/expvar",
    "github.com/uber/jaeger-lib/metrics/prometheus",
    "github.com/uber/jaeger-lib/metrics/testutils",
    "github.com/uber/tchannel-go",
    "github.com/uber/tchannel-go/raw",
    "github.com/uber/tchannel-go/testutils",
    "github.com/uber/tchannel-go/thrift",
    "go.uber.org/atomic",
    "go.uber.org/zap",
    "go.uber.org/zap/zapcore",
    "go.uber.org/zap/zaptest",
    "go.uber.org/zap/zaptest/observer",
    "golang.org/x/net/context",
    "google.golang.org/grpc",
    "google.golang.org/grpc/balancer/roundrobin",
    "google.golang.org/grpc/codes",
    "google.golang.org/grpc/grpclog",
    "google.golang.org/grpc/resolver",
    "google.golang.org/grpc/resolver/manual",
    "google.golang.org/grpc/status",
    "google.golang.org/grpc/test/bufconn",
    "gopkg.in/olivere/elastic.v5",
    "gopkg.in/yaml.v2",
  ]
  solver-name = "gps-cdcl"
  solver-version = 1
