# THIS IS AN AUTOGENERATED FILE. DO NOT EDIT THIS FILE DIRECTLY.
# yarn lockfile v1


"js-cookie@^3.0.1":
  "integrity" "sha512-+0rgsUXZu4ncpPxRL+lNEptWMOWl9etvPHc/koSRp6MPwpRYAhmk0dUG00J4bxVV3r9uUzfo24wW0knS07SKSw=="
  "resolved" "https://registry.npmjs.org/js-cookie/-/js-cookie-3.0.1.tgz"
  "version" "3.0.1"
