version = 1
revision = 3
requires-python = ">=3.11"

[[package]]
name = "colorama"
version = "0.4.6"
source = { registry = "https://pypi.org/simple" }
sdist = { url = "https://files.pythonhosted.org/packages/d8/53/6f443c9a4a8358a93a6792e2acffb9d9d5cb0a5cfd8802644b7b1c9a02e4/colorama-0.4.6.tar.gz", hash = "sha256:08695f5cb7ed6e0531a20572697297273c47b8cae5a63ffc6d6ed5c201be6e44", size = 27697, upload-time = "2022-10-25T02:36:22.414Z" }
wheels = [
    { url = "https://files.pythonhosted.org/packages/d1/d6/3965ed04c63042e047cb6a3e6ed1a63a35087b6a609aa3a15ed8ac56c221/colorama-0.4.6-py2.py3-none-any.whl", hash = "sha256:4f1d9991f5acc0ca119f9d443620b77f9d6b33703e51011c16baf57afb285fc6", size = 25335, upload-time = "2022-10-25T02:36:20.889Z" },
]

[[package]]
name = "grpcio"
version = "1.83.1"
source = { registry = "https://pypi.org/simple" }
dependencies = [
    { name = "typing-extensions" },
]
sdist = { url = "https://files.pythonhosted.org/packages/e2/b1/46539f5050d7c316a13396d185451f95084a74ddc68b12d818595bef0377/grpcio-1.83.1.tar.gz", hash = "sha256:9cee6fcbf2eb57c4b49451787bfa87be8efc1ca02a0b327dd4b54d44502e362b", size = 13445033, upload-time = "2026-08-28T07:09:11.464Z" }
wheels = [
    { url = "https://files.pythonhosted.org/packages/d3/e8/2a69fe506c992fc4b02ede5a6255a4b19b7922527d7f0ab2229695463fc1/grpcio-1.83.1-cp311-cp311-linux_armv7l.whl", hash = "sha256:907a5e5afb31f7a46376afc1a1edddd7afa00a74bbbc5b78979bbc34479581f6", size = 6340700, upload-time = "2026-08-28T07:07:49.232Z" },
    { url = "https://files.pythonhosted.org/packages/7f/56/6628e935ca7c5b9270810dd1cb61e5d2ea53eb7d26c62d2987bfef46e022/grpcio-1.83.1-cp311-cp311-macosx_11_0_universal2.whl", hash = "sha256:547645f02499c972f3edec9be4db9997f1d03df307c1c199772342ed6d8b3c6d", size = 12183471, upload-time = "2026-08-28T07:07:51.18Z" },
    { url = "https://files.pythonhosted.org/packages/14/c9/f748ae4bd2120c91cf07e7a74cfd3ceac0e36b06d082cd3db802163a372a/grpcio-1.83.1-cp311-cp311-manylinux2014_aarch64.manylinux_2_17_aarch64.whl", hash = "sha256:34f1841fc6d1d76f8a2d74177eafa2d1ec7d7e039633488c9fcc1b375a1fc165", size = 6924669, upload-time = "2026-08-28T07:07:53.223Z" },
    { url = "https://files.pythonhosted.org/packages/c3/d1/797b72d87b0ad8cce15fb4ad247472054655bce94bf64027b2285d7c3666/grpcio-1.83.1-cp311-cp311-manylinux2014_i686.manylinux_2_17_i686.whl", hash = "sha256:05ba265193fbd9f63355311ec7567bba32a72aeb8e9fd7b3443e4fcad87b0750", size = 7654706, upload-time = "2026-08-28T07:07:54.931Z" },
    { url = "https://files.pythonhosted.org/packages/d6/bf/7f0850aa13d98bb4dd8e7633b6beb639e6fd80a8c0813ad36dec3240f70e/grpcio-1.83.1-cp311-cp311-manylinux2014_x86_64.manylinux_2_17_x86_64.whl", hash = "sha256:5cce1d9fe2887239f054dc9c314597e04f33d2e6bd3150a91c4946d7e5be5d98", size = 7083816, upload-time = "2026-08-28T07:07:56.867Z" },
    { url = "https://files.pythonhosted.org/packages/a2/8a/5047fc4041cb6499d836001b4ac2ced0b00aecd2fc6d88e81993066ebbf6/grpcio-1.83.1-cp311-cp311-musllinux_1_2_aarch64.whl", hash = "sha256:f732feb060ef57c1a040c24cee072ba9fab99bd0a7d2c916ef3f1c4d84b98974", size = 7607412, upload-time = "2026-08-28T07:07:58.654Z" },
    { url = "https://files.pythonhosted.org/packages/cb/83/b397786f79323c2c127733d6310a5dbe3898333bc5d1153785dbdbcfce9b/grpcio-1.83.1-cp311-cp311-musllinux_1_2_i686.whl", hash = "sha256:145b0050d24eb38accd9dc7ae09a3c09b8e7330159f3cfb46b1dba8711d50c42", size = 8643027, upload-time = "2026-08-28T07:08:00.853Z" },
    { url = "https://files.pythonhosted.org/packages/a2/3c/ac8ca4521760c8c5876af2f284109c3f826d3ba9836b2226c76ba06258ee/grpcio-1.83.1-cp311-cp311-musllinux_1_2_x86_64.whl", hash = "sha256:e844cdb25c3c93c7572e0a37137c12305efea493be4eb65801b3ee93f180c186", size = 8010270, upload-time = "2026-08-28T07:08:02.949Z" },
    { url = "https://files.pythonhosted.org/packages/da/3a/ec8680e53ead511e8e3e6efb98771b32b96ea7a0c6a3ad23ffe85a8f83d3/grpcio-1.83.1-cp311-cp311-win32.whl", hash = "sha256:0d07661944477517b12a239e18720c8d9038f80a62f2c56260fae80327f43d2a", size = 4405295, upload-time = "2026-08-28T07:08:04.961Z" },
    { url = "https://files.pythonhosted.org/packages/6f/77/c169e2cee593c49399273912bacab20e50422489c0f884c1e3ae95a1af08/grpcio-1.83.1-cp311-cp311-win_amd64.whl", hash = "sha256:e572da3e247b28a98f46636d33c756e81ffb0f5def96c231ba45332333060595", size = 5166265, upload-time = "2026-08-28T07:08:06.459Z" },
    { url = "https://files.pythonhosted.org/packages/85/9e/a3ba13e08bbee5bf6e57597dfe4823961fd7e94c0b8afe3a4bb7dca639f3/grpcio-1.83.1-cp312-cp312-linux_armv7l.whl", hash = "sha256:5acd14c6ddf047de62cbf8745b11103ea91abbf57d1b8edd5395ccd9fcd13abb", size = 6303170, upload-time = "2026-08-28T07:08:08.188Z" },
    { url = "https://files.pythonhosted.org/packages/1c/ae/65ce56a2527faa17d02cba4c2231c74047ad898be339486ba87f093bfb66/grpcio-1.83.1-cp312-cp312-macosx_11_0_universal2.whl", hash = "sha256:16138031a47b771860a16a975b53087f4fd5bbdbb2c03a188c5d90ad65d2bdae", size = 12165806, upload-time = "2026-08-28T07:08:10.309Z" },
    { url = "https://files.pythonhosted.org/packages/4e/91/40432480088a2243d360864de072ed5b78c4ebbaabd29c28918f1e1b1454/grpcio-1.83.1-cp312-cp312-manylinux2014_aarch64.manylinux_2_17_aarch64.whl", hash = "sha256:5ccc26715fd4defca5e129e280dd883b1737b65045ec50ffe22ce42104089519", size = 6872490, upload-time = "2026-08-28T07:08:12.355Z" },
    { url = "https://files.pythonhosted.org/packages/c8/62/3da2300c8c79fd20a78a8a4bb6251e5068d9af33bc8fd389b98fec35e8a3/grpcio-1.83.1-cp312-cp312-manylinux2014_i686.manylinux_2_17_i686.whl", hash = "sha256:b74f2a1d9ab1dfa3e263ef33d581613679b78d0884babf11671af26e45570ead", size = 7618367, upload-time = "2026-08-28T07:08:14.025Z" },
    { url = "https://files.pythonhosted.org/packages/bc/19/9fc702e31a631262d7a752fa699f6022821e707fefc8bff49b1550a57729/grpcio-1.83.1-cp312-cp312-manylinux2014_x86_64.manylinux_2_17_x86_64.whl", hash = "sha256:72578aa07a4008f17521ef52debcc3acfd1e2c5426243bc3ffb56a38bfe610b7", size = 7040936, upload-time = "2026-08-28T07:08:15.963Z" },
    { url = "https://files.pythonhosted.org/packages/ec/56/95933cc44cba2429765fa065c951dd529e5771b119d9d2481b4646f1d6a5/grpcio-1.83.1-cp312-cp312-musllinux_1_2_aarch64.whl", hash = "sha256:c12e1fc59c6dc26d10d9144453ddc6cbfe4cd4c31e874ed2d0132f88e685eb8b", size = 7573096, upload-time = "2026-08-28T07:08:17.729Z" },
    { url = "https://files.pythonhosted.org/packages/ac/80/af63359da06b016de48cb111f144703a10043850dafa43ae0a038907b9e8/grpcio-1.83.1-cp312-cp312-musllinux_1_2_i686.whl", hash = "sha256:4910b62f7d12197160bfb7de06d876d64dd12d43483e8292f98f49ca09b628d9", size = 8609442, upload-time = "2026-08-28T07:08:19.777Z" },
    { url = "https://files.pythonhosted.org/packages/3d/fa/f0586c56bdfb8a7a2adda01e0ac2413447cde3141ab09411a5d5afdcffd3/grpcio-1.83.1-cp312-cp312-musllinux_1_2_x86_64.whl", hash = "sha256:9e703effe3ae779925c82ac24fdb82cf4105e1096810151ed9501c5f34546b9c", size = 7984321, upload-time = "2026-08-28T07:08:22.114Z" },
    { url = "https://files.pythonhosted.org/packages/25/8a/14ec05669f9eb295801e26c2ea8c561a1b786b0e3557c2c22131165ab010/grpcio-1.83.1-cp312-cp312-win32.whl", hash = "sha256:a2aea8bd6e0a34f12cbaddb7bb70bec836818789fa5c7ab7572c6b745396a2d4", size = 4395604, upload-time = "2026-08-28T07:08:24.08Z" },
    { url = "https://files.pythonhosted.org/packages/e9/37/8c2f7cc16089e36a3fbacaacc7a3d043912aa0d2dfae5556f6450414ea6e/grpcio-1.83.1-cp312-cp312-win_amd64.whl", hash = "sha256:583bf2e8255040a4a312f9572dfe62a05271437b149550e1a536d5c47d2d1e8a", size = 5161512, upload-time = "2026-08-28T07:08:25.81Z" },
    { url = "https://files.pythonhosted.org/packages/7c/fd/d1fc58933bf88c9209f89dc570c810f1aa57cb04b3459cf2b26f61e32112/grpcio-1.83.1-cp313-cp313-linux_armv7l.whl", hash = "sha256:8d228e253b77865efcbdd7b5894ca882c9e0ea98c02b7d20582e61ded8dfd4b5", size = 6305628, upload-time = "2026-08-28T07:08:27.872Z" },
    { url = "https://files.pythonhosted.org/packages/c4/49/0b40bae059c619505c9b751cee6caa208e4904e290aaefa1728c4c2c67a5/grpcio-1.83.1-cp313-cp313-macosx_11_0_universal2.whl", hash = "sha256:0468b627f2987c9a77f7580030207cbd85457ffe52998beff4f0b5c38c58a72c", size = 12156839, upload-time = "2026-08-28T07:08:30.191Z" },
    { url = "https://files.pythonhosted.org/packages/61/4b/e8c0d635da0ee5ddd9950c8d540f5dcdd0ef1854a382cc55496a487a8d31/grpcio-1.83.1-cp313-cp313-manylinux2014_aarch64.manylinux_2_17_aarch64.whl", hash = "sha256:a6a282e81530cead60bbd752cc04950a57f224379e9821495d6a35bd5ce9b1f4", size = 6877036, upload-time = "2026-08-28T07:08:32.285Z" },
    { url = "https://files.pythonhosted.org/packages/c5/d4/760a33f339a7dd3d5f4b3e0e9bec5472d95592a80f887b2e9dab4e41cfbc/grpcio-1.83.1-cp313-cp313-manylinux2014_i686.manylinux_2_17_i686.whl", hash = "sha256:947d945f52e8ecf3cafd2bb7113502a16ccfda3e12c854443094de32d83ad432", size = 7624404, upload-time = "2026-08-28T07:08:34.194Z" },
    { url = "https://files.pythonhosted.org/packages/54/ec/bd798654b06fb42a92b57d1dc1b530084fa89ed442806fcd0a833a36f9b3/grpcio-1.83.1-cp313-cp313-manylinux2014_x86_64.manylinux_2_17_x86_64.whl", hash = "sha256:55656318d5dd387077396dffb929171ca3966e24bfead9a6c5dba9f889062cb4", size = 7042942, upload-time = "2026-08-28T07:08:36.208Z" },
    { url = "https://files.pythonhosted.org/packages/08/b0/c00f86614566dd0961825cf0f43d4f96a74371d9d95f952bcbc4b86d9a27/grpcio-1.83.1-cp313-cp313-musllinux_1_2_aarch64.whl", hash = "sha256:9daf5acf4fc9d5f5627229969c2580a91e511779d76e4ccdeb9f4770f05d8bc2", size = 7576937, upload-time = "2026-08-28T07:08:38.041Z" },
    { url = "https://files.pythonhosted.org/packages/b1/38/85eff43a5c89dc666a252b5c9f8e9ab03f89e11c95b6263d2933f08fdbe7/grpcio-1.83.1-cp313-cp313-musllinux_1_2_i686.whl", hash = "sha256:7b94174cbca93316888f805efbeb08f1c020f7b7493d2d50cc4f6b64ebb7e8bd", size = 8608391, upload-time = "2026-08-28T07:08:40.092Z" },
    { url = "https://files.pythonhosted.org/packages/35/4e/82835483e2f812494be865e7965c0d626cb9e71ab0d83a420d75aea4ad67/grpcio-1.83.1-cp313-cp313-musllinux_1_2_x86_64.whl", hash = "sha256:65c5a7210911ffe0f67b1cdc5308f9854b6d1f1b345e3e49ab7cac1ba50fa346", size = 7980060, upload-time = "2026-08-28T07:08:42.434Z" },
    { url = "https://files.pythonhosted.org/packages/b2/b7/68a98bef733fef704fbcfb3957c8dba67e3e38ca7a7fea851195bc97c648/grpcio-1.83.1-cp313-cp313-win32.whl", hash = "sha256:179368d9361854616ce6f397d4716e07480129652752fcbcfc5a7260455ad6f2", size = 4395226, upload-time = "2026-08-28T07:08:44.463Z" },
    { url = "https://files.pythonhosted.org/packages/85/a0/df4de3b51d37ac8fb0320bb9668381ce2bd3b7aa990880bfc56a8a26f665/grpcio-1.83.1-cp313-cp313-win_amd64.whl", hash = "sha256:2e57af456385491a76e13c4aada8c8f43a8e47051e06ea97a9dbe2a49654e6db", size = 5160273, upload-time = "2026-08-28T07:08:46.216Z" },
    { url = "https://files.pythonhosted.org/packages/42/9c/484d981d8b90c4e6abf3030bd2ed747e84d1eb192b3ec9cbb41e0b73e4bf/grpcio-1.83.1-cp314-cp314-linux_armv7l.whl", hash = "sha256:8b3c87ca908296bf125f841d3e1a2225a2b39aaa8ed7a57e7ccde465ee519bab", size = 6306089, upload-time = "2026-08-28T07:08:48.379Z" },
    { url = "https://files.pythonhosted.org/packages/84/01/0afec1c92e4f292f74a44ecf75eabbf40903125b8c4df103c9868d6338da/grpcio-1.83.1-cp314-cp314-macosx_11_0_universal2.whl", hash = "sha256:c0f3f20c90e72a171917ae65706500b096a1c3eb5f162c3ce702a2e25635f132", size = 12170381, upload-time = "2026-08-28T07:08:50.653Z" },
    { url = "https://files.pythonhosted.org/packages/c7/5a/e9a2383804433a0a61d6d93777ad321c7f36ac1cfdaa4c6d1a7c9ac846b7/grpcio-1.83.1-cp314-cp314-manylinux2014_aarch64.manylinux_2_17_aarch64.whl", hash = "sha256:81bbf35a46bf8cad2dfbb2eccc19c711befb58b288acb534bbcd0d74283202a6", size = 6883286, upload-time = "2026-08-28T07:08:53.654Z" },
    { url = "https://files.pythonhosted.org/packages/63/e7/f8ca8f76994e14c70b9a0052e82f10de497a23db450c36379c9716ebfc4d/grpcio-1.83.1-cp314-cp314-manylinux2014_i686.manylinux_2_17_i686.whl", hash = "sha256:215cec07d11176507387bda4bf2751816e880f9bff8dc1ca524bfbb8ed8f2fad", size = 7624293, upload-time = "2026-08-28T07:08:55.709Z" },
    { url = "https://files.pythonhosted.org/packages/bb/7a/4b672814b0cd0fe63bdd735379d88b165759f3144ab023ad8ec5fc4d53ac/grpcio-1.83.1-cp314-cp314-manylinux2014_x86_64.manylinux_2_17_x86_64.whl", hash = "sha256:abce7d43ec29cd39230fa8339de1a07643b55adc412a454850fbd875349950ff", size = 7044346, upload-time = "2026-08-28T07:08:57.802Z" },
    { url = "https://files.pythonhosted.org/packages/50/b8/d89fe60e4239ad51be333dd9cc703741d449a35064e51f8a0b5bfa755432/grpcio-1.83.1-cp314-cp314-musllinux_1_2_aarch64.whl", hash = "sha256:e256f95a40e3b0183a98556fb7164d24b97eeb353123ccabfcba94712b35ee2a", size = 7584187, upload-time = "2026-08-28T07:08:59.867Z" },
    { url = "https://files.pythonhosted.org/packages/dc/b2/b290d7402633d9166e4dd47e6f5f74a24ce10a8340b84455896ebc349f85/grpcio-1.83.1-cp314-cp314-musllinux_1_2_i686.whl", hash = "sha256:2110059146fb0ea216e1ffddb29377b5cc2fd412a5b0a92e102616bd5edf18c2", size = 8608730, upload-time = "2026-08-28T07:09:02.592Z" },
    { url = "https://files.pythonhosted.org/packages/f5/44/fa89e44d1b5cf5b9fa71b2fd7abf506f182fd43917231a92fbf1ea326b02/grpcio-1.83.1-cp314-cp314-musllinux_1_2_x86_64.whl", hash = "sha256:20d944d967843f8183f9f23d5916388362e5f8eeeae855bbe4354d906dc9f31b", size = 7983283, upload-time = "2026-08-28T07:09:05.087Z" },
    { url = "https://files.pythonhosted.org/packages/ce/b8/9db73ed1f35ffa76124ac574bf296d06a359798dfd6b50d382f2b8a060a1/grpcio-1.83.1-cp314-cp314-win32.whl", hash = "sha256:623c87c6d4a1cb30d82c4e896f95477050f2e01b4a1f8cf91ff2b1abdf89c457", size = 4474327, upload-time = "2026-08-28T07:09:07.179Z" },
    { url = "https://files.pythonhosted.org/packages/65/22/fc9a622d885a7a37ff972a12faaef443d74e47407181da70d0ab62ab41f0/grpcio-1.83.1-cp314-cp314-win_amd64.whl", hash = "sha256:47e6934ad38779271e2e7cc5f78a63a407cf3d98114c65c1fdbcd3f5a716f29b", size = 5302032, upload-time = "2026-08-28T07:09:09.285Z" },
]

[[package]]
name = "grpcio-tools"
version = "1.83.1"
source = { registry = "https://pypi.org/simple" }
dependencies = [
    { name = "grpcio" },
    { name = "protobuf" },
    { name = "setuptools" },
]
sdist = { url = "https://files.pythonhosted.org/packages/8b/79/8b4131bcb94f09c2cac4919e627f20c09ba9b22320a307697d72b1f881d4/grpcio_tools-1.83.1.tar.gz", hash = "sha256:a8148eece396f8a349097958bc00f14882003331f3b7c2ae8079c1c632d17d6f", size = 6399877, upload-time = "2026-08-28T07:10:56.19Z" }
wheels = [
    { url = "https://files.pythonhosted.org/packages/af/b2/2e04f693d0180d088db1dca1657993fb18f3fd65bd0c0a48f7af7b14dfcd/grpcio_tools-1.83.1-cp311-cp311-linux_armv7l.whl", hash = "sha256:c5c53e9f39eb4a038de869e043798d36509fcb5c4594e0ac44e9b709f1c75b23", size = 2652831, upload-time = "2026-08-28T07:09:42.02Z" },
    { url = "https://files.pythonhosted.org/packages/88/4d/e151cd22813d06e79a79cb0b7bf574cb36eaef64a0125bd8c061f30324b4/grpcio_tools-1.83.1-cp311-cp311-macosx_11_0_universal2.whl", hash = "sha256:4509d5ea4f3d6fbfce1652b4ce46dee19c3ec53ca442ba54ec779de05ff2fd06", size = 5967886, upload-time = "2026-08-28T07:09:43.808Z" },
    { url = "https://files.pythonhosted.org/packages/ad/d7/00aca40e28aa3dae45b7c7af29335829e58dffe8931546af2e49dcb7f2f9/grpcio_tools-1.83.1-cp311-cp311-manylinux2014_aarch64.manylinux_2_17_aarch64.whl", hash = "sha256:48a9114c992321b6caaa6b04fc9a7e17e86ba007ad078992187d63e0555a1300", size = 2704867, upload-time = "2026-08-28T07:09:45.755Z" },
    { url = "https://files.pythonhosted.org/packages/2e/66/5528b939f3ff1753971833aed31aca2367d1723bd522a4872cb849b85415/grpcio_tools-1.83.1-cp311-cp311-manylinux2014_i686.manylinux_2_17_i686.whl", hash = "sha256:cce732937363171d916d1411920275aaa831f25cd8aa35c3608b3b526506b25a", size = 3032319, upload-time = "2026-08-28T07:09:47.767Z" },
    { url = "https://files.pythonhosted.org/packages/6f/7d/3b51f79f64419ebd77f753435400bb16cd52ea2361cf778272813fa82608/grpcio_tools-1.83.1-cp311-cp311-manylinux2014_x86_64.manylinux_2_17_x86_64.whl", hash = "sha256:f6a80ee3cff642502e1c91074c03e8278f344e8343a1fa6f720bec35cbe33737", size = 2774114, upload-time = "2026-08-28T07:09:49.465Z" },
    { url = "https://files.pythonhosted.org/packages/e9/94/302079639ca3d903b383333835ef48afaf8c2f16892242ffcd69648b15c2/grpcio_tools-1.83.1-cp311-cp311-musllinux_1_2_aarch64.whl", hash = "sha256:38eaf68d2a1dcb5a4a046835d70bb8ade872e8807cc7ff3d1c05edd4070c4a29", size = 3226720, upload-time = "2026-08-28T07:09:51.086Z" },
    { url = "https://files.pythonhosted.org/packages/37/41/be5b36ce52086f8b2164a7b241184248b4847b1fa936f61d33773d50b4dd/grpcio_tools-1.83.1-cp311-cp311-musllinux_1_2_i686.whl", hash = "sha256:ae686c99624b1eed0d17e0281d248fd5e93a43f2d48db4177fd0f5cb9a07fed1", size = 3798998, upload-time = "2026-08-28T07:09:52.724Z" },
    { url = "https://files.pythonhosted.org/packages/4f/8e/39d594f55f3f6f5ebd87f1c0a3e5669c05471c7419ddfa6e7e92228064d4/grpcio_tools-1.83.1-cp311-cp311-musllinux_1_2_x86_64.whl", hash = "sha256:93d80b396126bfb46cc95a1c5f6fc52224497b05f9b3bb5d0800ee6e29306114", size = 3457775, upload-time = "2026-08-28T07:09:54.179Z" },
    { url = "https://files.pythonhosted.org/packages/8f/d5/b222d613671bcc4f4a41c2b980dbcd0e8a6ba33f3727a25422652ce3c4c9/grpcio_tools-1.83.1-cp311-cp311-win32.whl", hash = "sha256:da674e88bef4b627336a75e3b1cc1b3e28fdd78f2607a0b84add66af5796cc68", size = 1022803, upload-time = "2026-08-28T07:09:55.719Z" },
    { url = "https://files.pythonhosted.org/packages/4d/f2/eb6f8c86a5d70e2bfbf8470f309bd95142abcb389aec561f984e1af73ca9/grpcio_tools-1.83.1-cp311-cp311-win_amd64.whl", hash = "sha256:d5e4f8d1c7f6917d3cd99e1a8b1653dc1258c1fa027d103b75160c8b562a1b5a", size = 1192475, upload-time = "2026-08-28T07:09:57.497Z" },
    { url = "https://files.pythonhosted.org/packages/03/91/79261571a7e5f6b5526f2da0fb7bff680af94f5322c8e8923961cbe801ae/grpcio_tools-1.83.1-cp312-cp312-linux_armv7l.whl", hash = "sha256:3a8931c167e52741f72795c67f45435faaefb7ce8e9aa9413ba523ddaa358998", size = 2653283, upload-time = "2026-08-28T07:09:59.056Z" },
    { url = "https://files.pythonhosted.org/packages/03/b2/ea313245d23b0a77edc83b1f01b86304664e79e2221d11cc8cf92985f18b/grpcio_tools-1.83.1-cp312-cp312-macosx_11_0_universal2.whl", hash = "sha256:d559e85272145a979e9ad10be2740d953dcd21c37cdad159f06cd7eaf887c898", size = 5965913, upload-time = "2026-08-28T07:10:00.727Z" },
    { url = "https://files.pythonhosted.org/packages/31/ce/125baf82bba77fad398f6139bda5e4383208a5a7f9f1ffc42dd8d973c402/grpcio_tools-1.83.1-cp312-cp312-manylinux2014_aarch64.manylinux_2_17_aarch64.whl", hash = "sha256:169518957cbc23034950006f3eb77514516476496b2951576c531336c61baffb", size = 2705430, upload-time = "2026-08-28T07:10:02.324Z" },
    { url = "https://files.pythonhosted.org/packages/bc/7c/cc727ab1b4ecc0a6dfe706a714c959d86736153c811e38b5b6723cb7576d/grpcio_tools-1.83.1-cp312-cp312-manylinux2014_i686.manylinux_2_17_i686.whl", hash = "sha256:d0e9b58917beb6e13d40bb694390dc79c8d7652a1d9ff412e98bdb416d8b135e", size = 3033411, upload-time = "2026-08-28T07:10:04.255Z" },
    { url = "https://files.pythonhosted.org/packages/84/57/e0312f16529cde4de03f532bb8dd4a8ccbf314e7c40cdfdc5586b6c23f85/grpcio_tools-1.83.1-cp312-cp312-manylinux2014_x86_64.manylinux_2_17_x86_64.whl", hash = "sha256:70c74bb6fe0b57b7f4f49caa21d3263e149c2f1e2ef9d53c3d78d622e8564deb", size = 2774499, upload-time = "2026-08-28T07:10:05.928Z" },
    { url = "https://files.pythonhosted.org/packages/b7/83/0ecd3ee6ae20da8454481adf489969f854c56f702fcd2f27b5583fc14eae/grpcio_tools-1.83.1-cp312-cp312-musllinux_1_2_aarch64.whl", hash = "sha256:91a3d0939364e688773c2735286e61107fbacdc104711b0003bd665986b79993", size = 3229873, upload-time = "2026-08-28T07:10:07.576Z" },
    { url = "https://files.pythonhosted.org/packages/09/03/92d4a193578efc5e4a061339dd0dbdcf516eebdb0577646b1bfaf144c803/grpcio_tools-1.83.1-cp312-cp312-musllinux_1_2_i686.whl", hash = "sha256:479bb9f4bde497471717e0ee59ed5635b490af954224825bd7006608d1e76d79", size = 3803165, upload-time = "2026-08-28T07:10:09.67Z" },
    { url = "https://files.pythonhosted.org/packages/b2/51/9921cf100111c0e1ba375767cab93be3036b231f22533985ddb497111d4f/grpcio_tools-1.83.1-cp312-cp312-musllinux_1_2_x86_64.whl", hash = "sha256:b57f41c87ba0ea0d13d98b696058864d3dea949ecb4a376c3a4a52857330b83f", size = 3461813, upload-time = "2026-08-28T07:10:11.594Z" },
    { url = "https://files.pythonhosted.org/packages/75/77/7fd50b572b38670886e1c41986b785720e24a4b0be8b164fa09e2d915782/grpcio_tools-1.83.1-cp312-cp312-win32.whl", hash = "sha256:eaf9217d67960016fdd2932f28239ec14716a15b783baa8d4b012937098531f1", size = 1022492, upload-time = "2026-08-28T07:10:13.144Z" },
    { url = "https://files.pythonhosted.org/packages/cd/68/45e04d9a921e10158b84b099dbdd25e6d56776d508872c68922a61ff85fd/grpcio_tools-1.83.1-cp312-cp312-win_amd64.whl", hash = "sha256:dcbdd3422ca50ed6f880f9974df50796fb355f4051c55a464423a6423a3f0393", size = 1192288, upload-time = "2026-08-28T07:10:14.777Z" },
    { url = "https://files.pythonhosted.org/packages/d7/34/917a23240209fa5e020d68522b3d11d00da2acc8a784e215aec37b66cc0a/grpcio_tools-1.83.1-cp313-cp313-linux_armv7l.whl", hash = "sha256:7c4ebbf3b13e481134fdf40fa49cb1f570ccb6b1a52c9ccded260428d79add6a", size = 2652846, upload-time = "2026-08-28T07:10:16.778Z" },
    { url = "https://files.pythonhosted.org/packages/1e/b3/e0e2c3cfb5bb1311f11fce1176f47d84374e592ca6abf64d579c9dff701c/grpcio_tools-1.83.1-cp313-cp313-macosx_11_0_universal2.whl", hash = "sha256:fe937a0cb78397abdf3ece759beed1fe5763dc530d8165b8b8691cc0770f2523", size = 5963532, upload-time = "2026-08-28T07:10:18.731Z" },
    { url = "https://files.pythonhosted.org/packages/42/38/ce3d17a54ae754bed008303420e3ab88e8c26bd1e97722df188ee22b4583/grpcio_tools-1.83.1-cp313-cp313-manylinux2014_aarch64.manylinux_2_17_aarch64.whl", hash = "sha256:93970064770f45789796c579c9e70fd2371621f5e2c07e64cf0decf7b41d8b6c", size = 2705094, upload-time = "2026-08-28T07:10:20.534Z" },
    { url = "https://files.pythonhosted.org/packages/b2/74/049150098e3dac26053f03d0b3e2f25da354c476302c6a31bb287f1a8493/grpcio_tools-1.83.1-cp313-cp313-manylinux2014_i686.manylinux_2_17_i686.whl", hash = "sha256:2c8c845f2b7d5a229377e3b10ffa281a93fb73e436a0078dc4a58c761ed32434", size = 3033063, upload-time = "2026-08-28T07:10:22.268Z" },
    { url = "https://files.pythonhosted.org/packages/40/fe/e9ec5fb11997318f7dabb1ff7b910b2f76d30c570d0ba56150733f256c25/grpcio_tools-1.83.1-cp313-cp313-manylinux2014_x86_64.manylinux_2_17_x86_64.whl", hash = "sha256:8e15a089141788fe1268044ccdc43e1467c92d60387ebaf289dfd22a68227d16", size = 2773648, upload-time = "2026-08-28T07:10:23.979Z" },
    { url = "https://files.pythonhosted.org/packages/b4/05/92c1d00dd71fcce02e928f3895571e07b030463ce45e187d162317fcfadf/grpcio_tools-1.83.1-cp313-cp313-musllinux_1_2_aarch64.whl", hash = "sha256:9b7a57ce7ee79917d6db94d7ff8356e91c6768b9db62f26f03cd628ec5aacb0b", size = 3229788, upload-time = "2026-08-28T07:10:25.879Z" },
    { url = "https://files.pythonhosted.org/packages/c2/f5/974254c820c5e1f391f7f4cbade03befde72808d8323bbf9d2422614ce17/grpcio_tools-1.83.1-cp313-cp313-musllinux_1_2_i686.whl", hash = "sha256:fff7380f022deb12e4ca6cf9b26ef0000c1cf9ec8b2af2675a3b5afe42f68828", size = 3802531, upload-time = "2026-08-28T07:10:27.896Z" },
    { url = "https://files.pythonhosted.org/packages/88/c2/816b26ee8f4353ea3207dae5691b08ea9bf53e6a4bacc798742bd3066c66/grpcio_tools-1.83.1-cp313-cp313-musllinux_1_2_x86_64.whl", hash = "sha256:0bcb9d5f1f0cd550a45ac811f5bdf5241df1f924ac7c70d186eba7d9a6260e9c", size = 3461030, upload-time = "2026-08-28T07:10:29.611Z" },
    { url = "https://files.pythonhosted.org/packages/75/ab/a4c629a5cacaefd468dd8152269dd3a578dd0e8858ed8691878a9c3f545f/grpcio_tools-1.83.1-cp313-cp313-win32.whl", hash = "sha256:08197f91352f0944957372b2c82a4fc64d522b75b5c8c4cdc47186e20e4f7fb6", size = 1022120, upload-time = "2026-08-28T07:10:31.233Z" },
    { url = "https://files.pythonhosted.org/packages/ad/37/b62a44c72df3cc61917f9d7cc42af0d32f60e7ca8b892dfcd95330eae68b/grpcio_tools-1.83.1-cp313-cp313-win_amd64.whl", hash = "sha256:5e9eb45376a8e1d22e2ef067518616738272de223cbb13b2424d7880d04e4dbe", size = 1191938, upload-time = "2026-08-28T07:10:33.108Z" },
    { url = "https://files.pythonhosted.org/packages/34/2b/4e8f3bff52b933c52c853e3a51db8d5e87c71fc0ec3903ef9e432b25e4c5/grpcio_tools-1.83.1-cp314-cp314-linux_armv7l.whl", hash = "sha256:f54955b95b17e83f8075303a31fa8f1aa64ad22d6f046e0070e9973918327202", size = 2652838, upload-time = "2026-08-28T07:10:35.035Z" },
    { url = "https://files.pythonhosted.org/packages/91/01/f5b3648285126a741a1a60108971c25acb0532af8fd2ffb29990747ff8d8/grpcio_tools-1.83.1-cp314-cp314-macosx_11_0_universal2.whl", hash = "sha256:0f4c3d39546b0e6add25affd096170347c10437d78189fe2d0a026f7cbc5cb57", size = 5963473, upload-time = "2026-08-28T07:10:37.213Z" },
    { url = "https://files.pythonhosted.org/packages/65/1d/95fc82961423365edc3ac6f98bc12ac96429bfbc5c43ede9ff40354aa273/grpcio_tools-1.83.1-cp314-cp314-manylinux2014_aarch64.manylinux_2_17_aarch64.whl", hash = "sha256:34c8bbfe6e1ed19524010351a27c0d43e185b3d542cf4ab83ad9774d4c9000e1", size = 2705302, upload-time = "2026-08-28T07:10:39.166Z" },
    { url = "https://files.pythonhosted.org/packages/e4/c5/82e29f48fcb5cf77b78c427ccaf5808b1b276cadd42955ceec960ec8daff/grpcio_tools-1.83.1-cp314-cp314-manylinux2014_i686.manylinux_2_17_i686.whl", hash = "sha256:004bef39f47db3ed93caf58175ad3d3800f53d16a04b493166be945a0b575df3", size = 3033047, upload-time = "2026-08-28T07:10:41.492Z" },
    { url = "https://files.pythonhosted.org/packages/89/38/f17b2902166320912fff7ecb4227a69ddf8edb544702045c3aba3076de0a/grpcio_tools-1.83.1-cp314-cp314-manylinux2014_x86_64.manylinux_2_17_x86_64.whl", hash = "sha256:41a4ce8c2cddb38b50d5befe4f40b124f77d68021e2e47f80142f6138d802d8f", size = 2773829, upload-time = "2026-08-28T07:10:43.367Z" },
    { url = "https://files.pythonhosted.org/packages/df/c5/974b54afc6ea3d7d8b51671d0c64effd9a92691a887e9bbf62c8b6213f03/grpcio_tools-1.83.1-cp314-cp314-musllinux_1_2_aarch64.whl", hash = "sha256:b52cc836922456d56f25ff63b277410a6d9ad682863f064c1f735a19328432a3", size = 3229905, upload-time = "2026-08-28T07:10:45.758Z" },
    { url = "https://files.pythonhosted.org/packages/8a/87/e9d5ff123ff80d0a7d502e9d2452305812d904e17afb88b3b23d892f3334/grpcio_tools-1.83.1-cp314-cp314-musllinux_1_2_i686.whl", hash = "sha256:b73afd4303f2b026f8d8f3d7f07f5f22a2f2c3ecb05758af30205db0b16539b9", size = 3802600, upload-time = "2026-08-28T07:10:47.977Z" },
    { url = "https://files.pythonhosted.org/packages/4f/2f/66d8cdc5a81f9723f2b7b2f32d29a757b3bd2eac2116746014626feb83d6/grpcio_tools-1.83.1-cp314-cp314-musllinux_1_2_x86_64.whl", hash = "sha256:df9a2b346b98ec28d5666b43d2c00bb533976faa13f3fab2897890b3703a968a", size = 3461303, upload-time = "2026-08-28T07:10:50.178Z" },
    { url = "https://files.pythonhosted.org/packages/dd/f3/3989a42f1dcc1a1c59f06f5e4fbf48bc50a53a6cc5083c0b6a7aef4c1929/grpcio_tools-1.83.1-cp314-cp314-win32.whl", hash = "sha256:a8cafccbe4b83bcc297920796ae5a784c700c9fbef01705397007bcb4652e070", size = 1045048, upload-time = "2026-08-28T07:10:52.123Z" },
    { url = "https://files.pythonhosted.org/packages/11/bf/be8370e2c3f0108aaae33bd609c359d593648959cc9efe69e6b59ec88a41/grpcio_tools-1.83.1-cp314-cp314-win_amd64.whl", hash = "sha256:9a40b779ec4bbd042279957cd1d0f42d4cbe333878d3d59ceeebe1cf3148528a", size = 1224200, upload-time = "2026-08-28T07:10:54.085Z" },
]

[[package]]
name = "iniconfig"
version = "2.3.0"
source = { registry = "https://pypi.org/simple" }
sdist = { url = "https://files.pythonhosted.org/packages/72/34/14ca021ce8e5dfedc35312d08ba8bf51fdd999c576889fc2c24cb97f4f10/iniconfig-2.3.0.tar.gz", hash = "sha256:c76315c77db068650d49c5b56314774a7804df16fee4402c1f19d6d15d8c4730", size = 20503, upload-time = "2025-10-18T21:55:43.219Z" }
wheels = [
    { url = "https://files.pythonhosted.org/packages/cb/b1/3846dd7f199d53cb17f49cba7e651e9ce294d8497c8c150530ed11865bb8/iniconfig-2.3.0-py3-none-any.whl", hash = "sha256:f631c04d2c48c52b84d0d0549c99ff3859c98df65b3101406327ecc7d53fbf12", size = 7484, upload-time = "2025-10-18T21:55:41.639Z" },
]

[[package]]
name = "jaeger-query"
version = "0.0.1"
source = { editable = "." }

[package.optional-dependencies]
grpc = [
    { name = "grpcio" },
    { name = "opentelemetry-proto" },
    { name = "protobuf" },
]

[package.dev-dependencies]
dev = [
    { name = "grpcio-tools" },
    { name = "pyright" },
    { name = "pytest" },
    { name = "ruff" },
]

[package.metadata]
requires-dist = [
    { name = "grpcio", marker = "extra == 'grpc'", specifier = ">=1.83.0" },
    { name = "opentelemetry-proto", marker = "extra == 'grpc'", specifier = ">=1.20" },
    { name = "protobuf", marker = "extra == 'grpc'", specifier = ">=7.35.1" },
]
provides-extras = ["grpc"]

[package.metadata.requires-dev]
dev = [
    { name = "grpcio-tools", specifier = ">=1.60" },
    { name = "pyright", specifier = ">=1.1.408" },
    { name = "pytest", specifier = ">=8" },
    { name = "ruff", specifier = ">=0.6" },
]

[[package]]
name = "nodeenv"
version = "1.10.0"
source = { registry = "https://pypi.org/simple" }
sdist = { url = "https://files.pythonhosted.org/packages/24/bf/d1bda4f6168e0b2e9e5958945e01910052158313224ada5ce1fb2e1113b8/nodeenv-1.10.0.tar.gz", hash = "sha256:996c191ad80897d076bdfba80a41994c2b47c68e224c542b48feba42ba00f8bb", size = 55611, upload-time = "2025-12-20T14:08:54.006Z" }
wheels = [
    { url = "https://files.pythonhosted.org/packages/88/b2/d0896bdcdc8d28a7fc5717c305f1a861c26e18c05047949fb371034d98bd/nodeenv-1.10.0-py2.py3-none-any.whl", hash = "sha256:5bb13e3eed2923615535339b3c620e76779af4cb4c6a90deccc9e36b274d3827", size = 23438, upload-time = "2025-12-20T14:08:52.782Z" },
]

[[package]]
name = "opentelemetry-proto"
version = "1.44.0"
source = { registry = "https://pypi.org/simple" }
dependencies = [
    { name = "protobuf" },
]
sdist = { url = "https://files.pythonhosted.org/packages/64/01/40ac4ae9a149263cc52c2cee200ddd80cb6d8db1a4610abf8eabce0fe771/opentelemetry_proto-1.44.0.tar.gz", hash = "sha256:c547a79c2f8c0c515d31509154682e5921c7cfd5ca67b70e1f9266e2c3e103f3", size = 46488, upload-time = "2026-07-16T15:25:45.34Z" }
wheels = [
    { url = "https://files.pythonhosted.org/packages/d1/7c/8be563d68e93bbefa5c8affb82ddcff91b3ad858ce49957ba7b16fd3e0ab/opentelemetry_proto-1.44.0-py3-none-any.whl", hash = "sha256:898b155a0e1557afd867478fb6158e8122a46329ca0bb8dc53cc55e98f017f56", size = 72483, upload-time = "2026-07-16T15:25:28.429Z" },
]

[[package]]
name = "packaging"
version = "26.3"
source = { registry = "https://pypi.org/simple" }
sdist = { url = "https://files.pythonhosted.org/packages/7d/fa/3944b40b07da9ce895c0e6303a5ab7d53da063554f534556b134a54d6093/packaging-26.3.tar.gz", hash = "sha256:94edc256424af38762eb31306eed28beb9f0efc50a8837492c9d6fd6004aed79", size = 313412, upload-time = "2026-08-04T18:15:28.737Z" }
wheels = [
    { url = "https://files.pythonhosted.org/packages/63/34/ba1c580383c9eada3711951fef0795c80b829a078d72188184bcab9dd527/packaging-26.3-py3-none-any.whl", hash = "sha256:d7193f7c8e4e93f444fde0262bf90af30e16fa0ad0ad44cb553c87339b23cd1c", size = 129956, upload-time = "2026-08-04T18:15:27.159Z" },
]

[[package]]
name = "pluggy"
version = "1.6.0"
source = { registry = "https://pypi.org/simple" }
sdist = { url = "https://files.pythonhosted.org/packages/f9/e2/3e91f31a7d2b083fe6ef3fa267035b518369d9511ffab804f839851d2779/pluggy-1.6.0.tar.gz", hash = "sha256:7dcc130b76258d33b90f61b658791dede3486c3e6bfb003ee5c9bfb396dd22f3", size = 69412, upload-time = "2025-05-15T12:30:07.975Z" }
wheels = [
    { url = "https://files.pythonhosted.org/packages/54/20/4d324d65cc6d9205fabedc306948156824eb9f0ee1633355a8f7ec5c66bf/pluggy-1.6.0-py3-none-any.whl", hash = "sha256:e920276dd6813095e9377c0bc5566d94c932c33b27a3e3945d8389c374dd4746", size = 20538, upload-time = "2025-05-15T12:30:06.134Z" },
]

[[package]]
name = "protobuf"
version = "7.36.1"
source = { registry = "https://pypi.org/simple" }
sdist = { url = "https://files.pythonhosted.org/packages/86/73/f66c748df06e7fe24e658eddd600d19c4b40bad836c97ce2d0ad9851fb6b/protobuf-7.36.1.tar.gz", hash = "sha256:d0f6470f0ce2b84e3feaea2d4b816378b37ba4d4aa08a274305373de93e2d524", size = 512499, upload-time = "2026-08-31T22:40:04.667Z" }
wheels = [
    { url = "https://files.pythonhosted.org/packages/f7/6c/3a54a58f2948b0f485df9ecdd06590f15d0a7abf46a89d50c3de709ff4ff/protobuf-7.36.1-cp310-abi3-macosx_10_9_universal2.whl", hash = "sha256:3cf2ee25d006cee57294a1196ea43b37feb78e0dcd1e8af5c1aeddb777655aca", size = 456046, upload-time = "2026-08-31T22:39:56.865Z" },
    { url = "https://files.pythonhosted.org/packages/6e/08/9f9548793c771095245c0eeaf0c84b76b16a5ef26158043d456f551344a0/protobuf-7.36.1-cp310-abi3-manylinux2014_aarch64.whl", hash = "sha256:43d3d37b1eb24c113b9b7d02008cac44e423f00b611b7781ae998d7623972969", size = 344226, upload-time = "2026-08-31T22:39:58.263Z" },
    { url = "https://files.pythonhosted.org/packages/fe/51/1bdbd612fa3c51e42ea6f45d05e84dc748ddcd2663e1aa1e89a00a33facd/protobuf-7.36.1-cp310-abi3-manylinux2014_s390x.whl", hash = "sha256:39c518c05586c016d7874ff6079ee115bcec1ea5fbb1d177fbf7867ef4c67e44", size = 357229, upload-time = "2026-08-31T22:39:59.198Z" },
    { url = "https://files.pythonhosted.org/packages/22/df/c799fe7a05ef16ba853a59db01f3a2c5f7d0676469589ccc4874f76a2a88/protobuf-7.36.1-cp310-abi3-manylinux2014_x86_64.whl", hash = "sha256:97198b77e369a0abd8e262b8f6c7266c55ddb796a3a12c76d7b8881188ed83aa", size = 343228, upload-time = "2026-08-31T22:40:00.179Z" },
    { url = "https://files.pythonhosted.org/packages/3d/33/d4724ec5d86d496fe4108e220618aa0837ad3423a7af7ccdd9684ccc77c8/protobuf-7.36.1-cp310-abi3-win32.whl", hash = "sha256:0b53ce95272aad50ad25d7ff03373743209822e8ba42ea7fad27d2bee1547d00", size = 443002, upload-time = "2026-08-31T22:40:01.32Z" },
    { url = "https://files.pythonhosted.org/packages/db/37/155788a0d8daded960375af604202805308169f9b859419ea0aa370946e2/protobuf-7.36.1-cp310-abi3-win_amd64.whl", hash = "sha256:51139351435d9b43d88a55eaa49fb6f737fbb478fb0cbf2cf694d1a04a9d3363", size = 456518, upload-time = "2026-08-31T22:40:02.494Z" },
    { url = "https://files.pythonhosted.org/packages/39/ca/c47f91d3cab175b01fd8c4f0d80fdf8613be876cc616e66ad281a59c5ddf/protobuf-7.36.1-py3-none-any.whl", hash = "sha256:7d951e46b3f963d6c264c367c437921de9d5aedd9c3f9612b9077736b4e3ad5c", size = 179813, upload-time = "2026-08-31T22:40:03.54Z" },
]

[[package]]
name = "pygments"
version = "2.21.0"
source = { registry = "https://pypi.org/simple" }
sdist = { url = "https://files.pythonhosted.org/packages/49/2e/ced460408999b33da6b31b0021b0f37d329e202d4169aeb164493778f25b/pygments-2.21.0.tar.gz", hash = "sha256:610ca751c9bc2492b38eb9a38a7fbc93edbbb2d7182edaf34e66ae493dee5c8c", size = 5005329, upload-time = "2026-08-17T08:02:48.824Z" }
wheels = [
    { url = "https://files.pythonhosted.org/packages/71/46/17f022dd3e953bf20a04a028a21ec746d942f8d2af30fa0f124fa0e6a684/pygments-2.21.0-py3-none-any.whl", hash = "sha256:2363c69b61c4a97c838da3b130dcd6468f4848992b21a82f2a63ec34377137d9", size = 1250147, upload-time = "2026-08-17T08:02:44.912Z" },
]

[[package]]
name = "pyright"
version = "1.1.411"
source = { registry = "https://pypi.org/simple" }
dependencies = [
    { name = "nodeenv" },
    { name = "typing-extensions" },
]
sdist = { url = "https://files.pythonhosted.org/packages/7e/ab/265f7dc69d28113ebba19092e57b075f41543b2ed048429c5f56e2b88eac/pyright-1.1.411.tar.gz", hash = "sha256:d885a0551f2e763b089a02702174e7f4ba77548cddabc972ab86d1f7f1b0f998", size = 4112861, upload-time = "2026-06-25T02:14:06.37Z" }
wheels = [
    { url = "https://files.pythonhosted.org/packages/0a/49/385be530a6a5b78d1cbcd5c2e38debc8959a2fc6bdb716f4e581002979fc/pyright-1.1.411-py3-none-any.whl", hash = "sha256:dc7c72a8e2700c55baa127554040e067041ea53ccfd50bf96308cc4291c7d5d9", size = 6181526, upload-time = "2026-06-25T02:14:04.691Z" },
]

[[package]]
name = "pytest"
version = "9.1.1"
source = { registry = "https://pypi.org/simple" }
dependencies = [
    { name = "colorama", marker = "sys_platform == 'win32'" },
    { name = "iniconfig" },
    { name = "packaging" },
    { name = "pluggy" },
    { name = "pygments" },
]
sdist = { url = "https://files.pythonhosted.org/packages/e4/47/b9efed96c114afcfa3c9d3fe98a76a1d14c74a9e266d397cf6eb64be5e01/pytest-9.1.1.tar.gz", hash = "sha256:1088fbde8f2b49d95a549a195707afa7a76a3ce9bcadc26b6d71f0ffda5fe313", size = 1636369, upload-time = "2026-06-19T10:58:32.857Z" }
wheels = [
    { url = "https://files.pythonhosted.org/packages/24/25/1de2678b631f5a49215c6c96fff41ba892b0a34df68d6d80292b1b48aa7f/pytest-9.1.1-py3-none-any.whl", hash = "sha256:37a86b45efb9a47a61a36449063e8e18d0cab3161329fc099eb21783169c4f0c", size = 386536, upload-time = "2026-06-19T10:58:31.347Z" },
]

[[package]]
name = "ruff"
version = "0.16.6"
source = { registry = "https://pypi.org/simple" }
sdist = { url = "https://files.pythonhosted.org/packages/a4/7c/6adb35d70e7c027e308274557901c7e00fb3407750faf3620c184ae058cb/ruff-0.16.6.tar.gz", hash = "sha256:dcf8a73d2ff77e99dde91244b4da16feba7f14e6beeb4015dee7c5a909e99050", size = 4921251, upload-time = "2026-09-03T16:57:29.037Z" }
wheels = [
    { url = "https://files.pythonhosted.org/packages/a4/28/9cc1b79639e284ec103f43c88c644db4eb58cbd0ea1ca11f1193435369ac/ruff-0.16.6-py3-none-linux_armv6l.whl", hash = "sha256:61c368c26bf8e973e5ab14a2772de587bc068ea3f9a277f673380749b4898fb8", size = 10015638, upload-time = "2026-09-03T16:56:40.986Z" },
    { url = "https://files.pythonhosted.org/packages/71/11/627d342ef727ea7794edf74fe23d60a074b02c3acc2e9436684e782286ca/ruff-0.16.6-py3-none-macosx_10_12_x86_64.whl", hash = "sha256:ecf4f068e2e123e43a26e9db4e19524cc56563912404e83bbfca375757e45a32", size = 10220762, upload-time = "2026-09-03T16:56:44.681Z" },
    { url = "https://files.pythonhosted.org/packages/43/d9/b75668ce41e4c8d073d18d6d08672ba6906ce45d5c06ea4fdb2e84ce3853/ruff-0.16.6-py3-none-macosx_11_0_arm64.whl", hash = "sha256:99b62ea33baf130f50368798d841f0d95527b6d817bf31817b65dd058f1d314c", size = 9835082, upload-time = "2026-09-03T16:56:47.142Z" },
    { url = "https://files.pythonhosted.org/packages/99/97/123ab10b05cde889c107c20f5a9774955104b5552796a2a8584b089ae8eb/ruff-0.16.6-py3-none-manylinux_2_17_aarch64.manylinux2014_aarch64.whl", hash = "sha256:7fbf89013f2bb3f6835a6038ff658dc8a1b38c98dc8e724b964168ad4e881876", size = 9949304, upload-time = "2026-09-03T16:56:49.813Z" },
    { url = "https://files.pythonhosted.org/packages/3e/58/a4a2c59dd2e5b85929c912d9cac3056eb9ee8c7e75e9b9fe3e109174966b/ruff-0.16.6-py3-none-manylinux_2_17_armv7l.manylinux2014_armv7l.whl", hash = "sha256:56a67065e22efa6bc4d498299d3bb06c0c90aace8fac2068b5a12f9dc4d8d51d", size = 9840612, upload-time = "2026-09-03T16:56:52.368Z" },
    { url = "https://files.pythonhosted.org/packages/61/6a/ff8c8626a786c4f49d48ced4a752dadbca65f5263005f9c2416578194694/ruff-0.16.6-py3-none-manylinux_2_17_i686.manylinux2014_i686.whl", hash = "sha256:e25cc89174874b176a157e4428d66761c2c0c006654419bf384f967f361ff1b1", size = 10543465, upload-time = "2026-09-03T16:56:55.089Z" },
    { url = "https://files.pythonhosted.org/packages/ad/bb/c47535923365f337b82e28192e4e9eef2176511007cfd99a62fc22df5dad/ruff-0.16.6-py3-none-manylinux_2_17_ppc64le.manylinux2014_ppc64le.whl", hash = "sha256:0700580ed5303723cb3c11c2f1d2a8913ce77b7ea86646dddb887f5417a9ba70", size = 11267576, upload-time = "2026-09-03T16:56:57.791Z" },
    { url = "https://files.pythonhosted.org/packages/ba/50/e5119a5212b5cd63b51e1f4b25e7bd636a6668fc069a3160b108ad7e3c16/ruff-0.16.6-py3-none-manylinux_2_17_s390x.manylinux2014_s390x.whl", hash = "sha256:15f1d0b6e165a6e56567befb6629f8209271311d990bae0f37e6d065035ef5f3", size = 10781993, upload-time = "2026-09-03T16:57:00.666Z" },
    { url = "https://files.pythonhosted.org/packages/8b/98/083d8b4ef3c51a0d19db84367791cbe9f44e4b53343d19dfa83556e1cd9a/ruff-0.16.6-py3-none-manylinux_2_17_x86_64.manylinux2014_x86_64.whl", hash = "sha256:d72c591a96986ee4268860e2b7235082129ca5e4cb9cbba653a4b57c11893757", size = 10317748, upload-time = "2026-09-03T16:57:03.428Z" },
    { url = "https://files.pythonhosted.org/packages/9a/29/68f7ff2c5ad95f19f00627ac2de95644e25fe47371ea60b2db1fd952315e/ruff-0.16.6-py3-none-manylinux_2_31_riscv64.whl", hash = "sha256:65a006baa18f33324325814c864daef03541d51564b98c517610ea756ab7003e", size = 10540096, upload-time = "2026-09-03T16:57:06.182Z" },
    { url = "https://files.pythonhosted.org/packages/c4/f9/79a8f6de85968641d68a7863aeec577551924ef066a990a48ff93167beab/ruff-0.16.6-py3-none-musllinux_1_2_aarch64.whl", hash = "sha256:cd02a7bf1a21a8735228a3e8c95a9dc5cf86bd2a52194f4aaae2a5755b4de0f4", size = 10100494, upload-time = "2026-09-03T16:57:09.194Z" },
    { url = "https://files.pythonhosted.org/packages/d9/e8/b81a22d9b90c00b892ccf2fa2ac36fa95de4c13ab85aea3e73795cfe4651/ruff-0.16.6-py3-none-musllinux_1_2_armv7l.whl", hash = "sha256:31b36f1e5ad85e0737f09d2be4e512e2e283583c14015da3b9dc07359ac0fc88", size = 9843663, upload-time = "2026-09-03T16:57:12.168Z" },
    { url = "https://files.pythonhosted.org/packages/39/aa/54f516ec5e5a11c4afdceb1c454ebb054ffb96e4f4a1705580b4346abd35/ruff-0.16.6-py3-none-musllinux_1_2_i686.whl", hash = "sha256:61029b4ab4aa723fd3064fab96b1d814492596bf0c792679fffcbde1e1679953", size = 10282461, upload-time = "2026-09-03T16:57:15.077Z" },
    { url = "https://files.pythonhosted.org/packages/52/0b/38d0aa8aa32372b96dc44f97b22e576c4147808271aab7b2cb1e353d4445/ruff-0.16.6-py3-none-musllinux_1_2_x86_64.whl", hash = "sha256:9ac8998457832c2061709d900856b7ad271dace0cb41f346588d540162bfa718", size = 10728808, upload-time = "2026-09-03T16:57:17.797Z" },
    { url = "https://files.pythonhosted.org/packages/5e/e5/9e274e24eeb027640ffc7442f21239f16d17f47acec15ae34f32e03a5c79/ruff-0.16.6-py3-none-win32.whl", hash = "sha256:0b87d9d16fcb63e8018423ca1d50b7260f15cb2da33e30db4baad4183a948c25", size = 10049212, upload-time = "2026-09-03T16:57:20.55Z" },
    { url = "https://files.pythonhosted.org/packages/22/31/72472449414223ed1a2da236b992adbb1a2ae59e34794574810f60ce068e/ruff-0.16.6-py3-none-win_amd64.whl", hash = "sha256:10d21c51c3495d8eaea7b703a16592117ea6eb1d649e36335aa965ff1173eb39", size = 10556402, upload-time = "2026-09-03T16:57:23.501Z" },
    { url = "https://files.pythonhosted.org/packages/fc/07/d781f8f8e1ac24bef9f3269cf62ffb1407ca24c3a8f12e5e22874f90528c/ruff-0.16.6-py3-none-win_arm64.whl", hash = "sha256:7a976c79b958f94e50a022a19f0f8c87387448020935ec14fc74331bd0a7f2c5", size = 10412850, upload-time = "2026-09-03T16:57:26.416Z" },
]

[[package]]
name = "setuptools"
version = "84.0.0"
source = { registry = "https://pypi.org/simple" }
sdist = { url = "https://files.pythonhosted.org/packages/6d/44/f5da03a8ef95d369145c5bb53050e7877c9f3d312e128605fd9504829143/setuptools-84.0.0.tar.gz", hash = "sha256:f4695c21257f0d9b537ec2692c941d02ee143b7cc1276941349a546573b2ef73", size = 1168449, upload-time = "2026-08-08T18:27:58.365Z" }
wheels = [
    { url = "https://files.pythonhosted.org/packages/95/9c/c510029fc6ef33a6275cd2c5d3cecd6613dfd6aa401d57c54f1c18852ccf/setuptools-84.0.0-py3-none-any.whl", hash = "sha256:51a52592b3b99e102b609654876bd65f19f999935166d1352678931132b0c670", size = 818216, upload-time = "2026-08-08T18:27:56.719Z" },
]

[[package]]
name = "typing-extensions"
version = "4.16.0"
source = { registry = "https://pypi.org/simple" }
sdist = { url = "https://files.pythonhosted.org/packages/f6/cc/6253133b5bb138fc3306cebfbda2c520f545d36b5be2c7255cc528bb45d6/typing_extensions-4.16.0.tar.gz", hash = "sha256:dc983d19a509c94dba722ee6abd33940f7c05a89e243c47e907eb4db6f1a43e5", size = 113555, upload-time = "2026-07-02T08:40:05.92Z" }
wheels = [
    { url = "https://files.pythonhosted.org/packages/49/d3/b8441a820a491ddfc024b0b0cf0393375b75ea13866d9c66727e54c2fc80/typing_extensions-4.16.0-py3-none-any.whl", hash = "sha256:481caa481374e813c1b176ada14e97f1f67a4539ce9cfeb3f350d78d6370c2e8", size = 45571, upload-time = "2026-07-02T08:40:04.659Z" },
]
